
Microsoft Visual Studio Solution File, Format Version 12.00
# Visual Studio 2013
VisualStudioVersion = 12.0.40629.0
MinimumVisualStudioVersion = 10.0.40219.1
Project("{FAE04EC0-301F-11D3-BF4B-00C04F79EFBC}") = "Task01", "Task01\Task01.csproj", "{920F0C74-1B31-4970-95DA-ED2BB39662C8}"
EndProject
Project("{FAE04EC0-301F-11D3-BF4B-00C04F79EFBC}") = "Task02", "Task02\Task02.csproj", "{03A4975F-8796-4898-A388-D83E26ED3535}"
EndProject
Project("{FAE04EC0-301F-11D3-BF4B-00C04F79EFBC}") = "Task03", "Task03\Task03.csproj", "{EAA51FEE-8444-4398-B88B-5DFA00A1B010}"
EndProject
Project("{FAE04EC0-301F-11D3-BF4B-00C04F79EFBC}") = "Task04", "Task04\Task04.csproj", "{9A7D881A-8596-42CF-B747-033B2A93F1C2}"
EndProject
Project("{FAE04EC0-301F-11D3-BF4B-00C04F79EFBC}") = "Task05", "Task05\Task05.csproj", "{55F5DCEA-4B8E-4247-BE30-636C811A69E7}"
EndProject
Project("{FAE04EC0-301F-11D3-BF4B-00C04F79EFBC}") = "Task06", "Task06\Task06.csproj", "{347CF5DA-0AF8-465A-85C8-6F2E788BD768}"
EndProject
Project("{FAE04EC0-301F-11D3-BF4B-00C04F79EFBC}") = "Task07", "Task07\Task07.csproj", "{D15FC7D3-1DDA-476B-852A-FCED8AB4ED70}"
EndProject
Project("{FAE04EC0-301F-11D3-BF4B-00C04F79EFBC}") = "Task08", "Task08\Task08.csproj", "{BEE143B9-8B7A-441C-A9F6-2E33DB6A4864}"
EndProject
Project("{FAE04EC0-301F-11D3-BF4B-00C04F79EFBC}") = "Task09", "Task09\Task09.csproj", "{06FFB284-8A97-4267-9F4E-7B4F0D636801}"
EndProject
Project("{FAE04EC0-301F-11D3-BF4B-00C04F79EFBC}") = "Task10", "Task10\Task10.csproj", "{57DC66E8-5106-4EBE-87C2-4AFCDEAC8B67}"
EndProject
Project("{FAE04EC0-301F-11D3-BF4B-00C04F79EFBC}") = "Task11", "Task11\Task11.csproj", "{BE69A382-A3EC-4CD9-9A39-A89AA749ADCF}"
EndProject
Project("{FAE04EC0-301F-11D3-BF4B-00C04F79EFBC}") = "Task12", "Task12\Task12.csproj", "{9FE5B9EC-D9D6-411F-B7A8-1A94B23C7CB6}"
EndProject
Project("{FAE04EC0-301F-11D3-BF4B-00C04F79EFBC}") = "Task13", "Task13\Task13.csproj", "{4E264A1E-890F-417E-8EE9-F22DA3E2108D}"
EndProject
Project("{FAE04EC0-301F-11D3-BF4B-00C04F79EFBC}") = "Task14", "Task14\Task14.csproj", "{D0C6E0D8-96C8-4177-8FE5-31A94A2A16CA}"
EndProject
Project("{FAE04EC0-301F-11D3-BF4B-00C04F79EFBC}") = "Task15", "Task15\Task15.csproj", "{ECB77683-84B6-4169-80E2-7E8D43BC95EA}"
EndProject
Project("{FAE04EC0-301F-11D3-BF4B-00C04F79EFBC}") = "Task16", "Task16\Task16.csproj", "{660A8296-795C-46B3-B3AC-CD11C5BDE2C0}"
EndProject
Project("{FAE04EC0-301F-11D3-BF4B-00C04F79EFBC}") = "Task17", "Task17\Task17.csproj", "{D472B9FC-D4CA-4B51-A2DC-363C9F51AD4E}"
EndProject
Project("{FAE04EC0-301F-11D3-BF4B-00C04F79EFBC}") = "Task18", "Task18\Task18.csproj", "{81A71574-C5F6-4753-8AC2-C8E4524DA23E}"
EndProject
Project("{FAE04EC0-301F-11D3-BF4B-00C04F79EFBC}") = "Task19", "Task19\Task19.csproj", "{C5E8BAD6-7F32-4A45-9FA2-E2AFDE5FBF02}"
EndProject
Project("{FAE04EC0-301F-11D3-BF4B-00C04F79EFBC}") = "Task20", "Task20\Task20.csproj", "{3AD1965A-2DDB-41BF-BE1D-547C67C24775}"
EndProject
Project("{FAE04EC0-301F-11D3-BF4B-00C04F79EFBC}") = "Task21", "Task21\Task21.csproj", "{CAFAF23B-A77F-4ABC-9EDD-5B6DA8E32C01}"
EndProject
Project("{FAE04EC0-301F-11D3-BF4B-00C04F79EFBC}") = "Task22", "Task22\Task22.csproj", "{43B6DA82-0358-4CEF-9A64-DE581093174B}"
EndProject
Project("{FAE04EC0-301F-11D3-BF4B-00C04F79EFBC}") = "Task23", "Task23\Task23.csproj", "{011D2C00-8E6A-4811-96C9-023337706E99}"
EndProject
Project("{FAE04EC0-301F-11D3-BF4B-00C04F79EFBC}") = "Task24", "Task24\Task24.csproj", "{7DC0C77E-A573-41E8-B74A-0081A8240677}"
EndProject
Project("{FAE04EC0-301F-11D3-BF4B-00C04F79EFBC}") = "Task25", "Task25\Task25.csproj", "{8B3C8E29-1E6A-4F70-B814-3A89AE066E5F}"
EndProject
Global
	GlobalSection(SolutionConfigurationPlatforms) = preSolution
		Debug|Any CPU = Debug|Any CPU
		Release|Any CPU = Release|Any CPU
	EndGlobalSection
	GlobalSection(ProjectConfigurationPlatforms) = postSolution
		{920F0C74-1B31-4970-95DA-ED2BB39662C8}.Debug|Any CPU.ActiveCfg = Debug|Any CPU
		{920F0C74-1B31-4970-95DA-ED2BB39662C8}.Debug|Any CPU.Build.0 = Debug|Any CPU
		{920F0C74-1B31-4970-95DA-ED2BB39662C8}.Release|Any CPU.ActiveCfg = Release|Any CPU
		{920F0C74-1B31-4970-95DA-ED2BB39662C8}.Release|Any CPU.Build.0 = Release|Any CPU
		{03A4975F-8796-4898-A388-D83E26ED3535}.Debug|Any CPU.ActiveCfg = Debug|Any CPU
		{03A4975F-8796-4898-A388-D83E26ED3535}.Debug|Any CPU.Build.0 = Debug|Any CPU
		{03A4975F-8796-4898-A388-D83E26ED3535}.Release|Any CPU.ActiveCfg = Release|Any CPU
		{03A4975F-8796-4898-A388-D83E26ED3535}.Release|Any CPU.Build.0 = Release|Any CPU
		{EAA51FEE-8444-4398-B88B-5DFA00A1B010}.Debug|Any CPU.ActiveCfg = Debug|Any CPU
		{EAA51FEE-8444-4398-B88B-5DFA00A1B010}.Debug|Any CPU.Build.0 = Debug|Any CPU
		{EAA51FEE-8444-4398-B88B-5DFA00A1B010}.Release|Any CPU.ActiveCfg = Release|Any CPU
		{EAA51FEE-8444-4398-B88B-5DFA00A1B010}.Release|Any CPU.Build.0 = Release|Any CPU
		{9A7D881A-8596-42CF-B747-033B2A93F1C2}.Debug|Any CPU.ActiveCfg = Debug|Any CPU
		{9A7D881A-8596-42CF-B747-033B2A93F1C2}.Debug|Any CPU.Build.0 = Debug|Any CPU
		{9A7D881A-8596-42CF-B747-033B2A93F1C2}.Release|Any CPU.ActiveCfg = Release|Any CPU
		{9A7D881A-8596-42CF-B747-033B2A93F1C2}.Release|Any CPU.Build.0 = Release|Any CPU
		{55F5DCEA-4B8E-4247-BE30-636C811A69E7}.Debug|Any CPU.ActiveCfg = Debug|Any CPU
		{55F5DCEA-4B8E-4247-BE30-636C811A69E7}.Debug|Any CPU.Build.0 = Debug|Any CPU
		{55F5DCEA-4B8E-4247-BE30-636C811A69E7}.Release|Any CPU.ActiveCfg = Release|Any CPU
		{55F5DCEA-4B8E-4247-BE30-636C811A69E7}.Release|Any CPU.Build.0 = Release|Any CPU
		{347CF5DA-0AF8-465A-85C8-6F2E788BD768}.Debug|Any CPU.ActiveCfg = Debug|Any CPU
		{347CF5DA-0AF8-465A-85C8-6F2E788BD768}.Debug|Any CPU.Build.0 = Debug|Any CPU
		{347CF5DA-0AF8-465A-85C8-6F2E788BD768}.Release|Any CPU.ActiveCfg = Release|Any CPU
		{347CF5DA-0AF8-465A-85C8-6F2E788BD768}.Release|Any CPU.Build.0 = Release|Any CPU
		{D15FC7D3-1DDA-476B-852A-FCED8AB4ED70}.Debug|Any CPU.ActiveCfg = Debug|Any CPU
		{D15FC7D3-1DDA-476B-852A-FCED8AB4ED70}.Debug|Any CPU.Build.0 = Debug|Any CPU
		{D15FC7D3-1DDA-476B-852A-FCED8AB4ED70}.Release|Any CPU.ActiveCfg = Release|Any CPU
		{D15FC7D3-1DDA-476B-852A-FCED8AB4ED70}.Release|Any CPU.Build.0 = Release|Any CPU
		{BEE143B9-8B7A-441C-A9F6-2E33DB6A4864}.Debug|Any CPU.ActiveCfg = Debug|Any CPU
		{BEE143B9-8B7A-441C-A9F6-2E33DB6A4864}.Debug|Any CPU.Build.0 = Debug|Any CPU
		{BEE143B9-8B7A-441C-A9F6-2E33DB6A4864}.Release|Any CPU.ActiveCfg = Release|Any CPU
		{BEE143B9-8B7A-441C-A9F6-2E33DB6A4864}.Release|Any CPU.Build.0 = Release|Any CPU
		{06FFB284-8A97-4267-9F4E-7B4F0D636801}.Debug|Any CPU.ActiveCfg = Debug|Any CPU
		{06FFB284-8A97-4267-9F4E-7B4F0D636801}.Debug|Any CPU.Build.0 = Debug|Any CPU
		{06FFB284-8A97-4267-9F4E-7B4F0D636801}.Release|Any CPU.ActiveCfg = Release|Any CPU
		{06FFB284-8A97-4267-9F4E-7B4F0D636801}.Release|Any CPU.Build.0 = Release|Any CPU
		{57DC66E8-5106-4EBE-87C2-4AFCDEAC8B67}.Debug|Any CPU.ActiveCfg = Debug|Any CPU
		{57DC66E8-5106-4EBE-87C2-4AFCDEAC8B67}.Debug|Any CPU.Build.0 = Debug|Any CPU
		{57DC66E8-5106-4EBE-87C2-4AFCDEAC8B67}.Release|Any CPU.ActiveCfg = Release|Any CPU
		{57DC66E8-5106-4EBE-87C2-4AFCDEAC8B67}.Release|Any CPU.Build.0 = Release|Any CPU
		{BE69A382-A3EC-4CD9-9A39-A89AA749ADCF}.Debug|Any CPU.ActiveCfg = Debug|Any CPU
		{BE69A382-A3EC-4CD9-9A39-A89AA749ADCF}.Debug|Any CPU.Build.0 = Debug|Any CPU
		{BE69A382-A3EC-4CD9-9A39-A89AA749ADCF}.Release|Any CPU.ActiveCfg = Release|Any CPU
		{BE69A382-A3EC-4CD9-9A39-A89AA749ADCF}.Release|Any CPU.Build.0 = Release|Any CPU
		{9FE5B9EC-D9D6-411F-B7A8-1A94B23C7CB6}.Debug|Any CPU.ActiveCfg = Debug|Any CPU
		{9FE5B9EC-D9D6-411F-B7A8-1A94B23C7CB6}.Debug|Any CPU.Build.0 = Debug|Any CPU
		{9FE5B9EC-D9D6-411F-B7A8-1A94B23C7CB6}.Release|Any CPU.ActiveCfg = Release|Any CPU
		{9FE5B9EC-D9D6-411F-B7A8-1A94B23C7CB6}.Release|Any CPU.Build.0 = Release|Any CPU
		{4E264A1E-890F-417E-8EE9-F22DA3E2108D}.Debug|Any CPU.ActiveCfg = Debug|Any CPU
		{4E264A1E-890F-417E-8EE9-F22DA3E2108D}.Debug|Any CPU.Build.0 = Debug|Any CPU
		{4E264A1E-890F-417E-8EE9-F22DA3E2108D}.Release|Any CPU.ActiveCfg = Release|Any CPU
		{4E264A1E-890F-417E-8EE9-F22DA3E2108D}.Release|Any CPU.Build.0 = Release|Any CPU
		{D0C6E0D8-96C8-4177-8FE5-31A94A2A16CA}.Debug|Any CPU.ActiveCfg = Debug|Any CPU
		{D0C6E0D8-96C8-4177-8FE5-31A94A2A16CA}.Debug|Any CPU.Build.0 = Debug|Any CPU
		{D0C6E0D8-96C8-4177-8FE5-31A94A2A16CA}.Release|Any CPU.ActiveCfg = Release|Any CPU
		{D0C6E0D8-96C8-4177-8FE5-31A94A2A16CA}.Release|Any CPU.Build.0 = Release|Any CPU
		{ECB77683-84B6-4169-80E2-7E8D43BC95EA}.Debug|Any CPU.ActiveCfg = Debug|Any CPU
		{ECB77683-84B6-4169-80E2-7E8D43BC95EA}.Debug|Any CPU.Build.0 = Debug|Any CPU
		{ECB77683-84B6-4169-80E2-7E8D43BC95EA}.Release|Any CPU.ActiveCfg = Release|Any CPU
		{ECB77683-84B6-4169-80E2-7E8D43BC95EA}.Release|Any CPU.Build.0 = Release|Any CPU
		{660A8296-795C-46B3-B3AC-CD11C5BDE2C0}.Debug|Any CPU.ActiveCfg = Debug|Any CPU
		{660A8296-795C-46B3-B3AC-CD11C5BDE2C0}.Debug|Any CPU.Build.0 = Debug|Any CPU
		{660A8296-795C-46B3-B3AC-CD11C5BDE2C0}.Release|Any CPU.ActiveCfg = Release|Any CPU
		{660A8296-795C-46B3-B3AC-CD11C5BDE2C0}.Release|Any CPU.Build.0 = Release|Any CPU
		{D472B9FC-D4CA-4B51-A2DC-363C9F51AD4E}.Debug|Any CPU.ActiveCfg = Debug|Any CPU
		{D472B9FC-D4CA-4B51-A2DC-363C9F51AD4E}.Debug|Any CPU.Build.0 = Debug|Any CPU
		{D472B9FC-D4CA-4B51-A2DC-363C9F51AD4E}.Release|Any CPU.ActiveCfg = Release|Any CPU
		{D472B9FC-D4CA-4B51-A2DC-363C9F51AD4E}.Release|Any CPU.Build.0 = Release|Any CPU
		{81A71574-C5F6-4753-8AC2-C8E4524DA23E}.Debug|Any CPU.ActiveCfg = Debug|Any CPU
		{81A71574-C5F6-4753-8AC2-C8E4524DA23E}.Debug|Any CPU.Build.0 = Debug|Any CPU
		{81A71574-C5F6-4753-8AC2-C8E4524DA23E}.Release|Any CPU.ActiveCfg = Release|Any CPU
		{81A71574-C5F6-4753-8AC2-C8E4524DA23E}.Release|Any CPU.Build.0 = Release|Any CPU
		{C5E8BAD6-7F32-4A45-9FA2-E2AFDE5FBF02}.Debug|Any CPU.ActiveCfg = Debug|Any CPU
		{C5E8BAD6-7F32-4A45-9FA2-E2AFDE5FBF02}.Debug|Any CPU.Build.0 = Debug|Any CPU
		{C5E8BAD6-7F32-4A45-9FA2-E2AFDE5FBF02}.Release|Any CPU.ActiveCfg = Release|Any CPU
		{C5E8BAD6-7F32-4A45-9FA2-E2AFDE5FBF02}.Release|Any CPU.Build.0 = Release|Any CPU
		{3AD1965A-2DDB-41BF-BE1D-547C67C24775}.Debug|Any CPU.ActiveCfg = Debug|Any CPU
		{3AD1965A-2DDB-41BF-BE1D-547C67C24775}.Debug|Any CPU.Build.0 = Debug|Any CPU
		{3AD1965A-2DDB-41BF-BE1D-547C67C24775}.Release|Any CPU.ActiveCfg = Release|Any CPU
		{3AD1965A-2DDB-41BF-BE1D-547C67C24775}.Release|Any CPU.Build.0 = Release|Any CPU
		{CAFAF23B-A77F-4ABC-9EDD-5B6DA8E32C01}.Debug|Any CPU.ActiveCfg = Debug|Any CPU
		{CAFAF23B-A77F-4ABC-9EDD-5B6DA8E32C01}.Debug|Any CPU.Build.0 = Debug|Any CPU
		{CAFAF23B-A77F-4ABC-9EDD-5B6DA8E32C01}.Release|Any CPU.ActiveCfg = Release|Any CPU
		{CAFAF23B-A77F-4ABC-9EDD-5B6DA8E32C01}.Release|Any CPU.Build.0 = Release|Any CPU
		{43B6DA82-0358-4CEF-9A64-DE581093174B}.Debug|Any CPU.ActiveCfg = Debug|Any CPU
		{43B6DA82-0358-4CEF-9A64-DE581093174B}.Debug|Any CPU.Build.0 = Debug|Any CPU
		{43B6DA82-0358-4CEF-9A64-DE581093174B}.Release|Any CPU.ActiveCfg = Release|Any CPU
		{43B6DA82-0358-4CEF-9A64-DE581093174B}.Release|Any CPU.Build.0 = Release|Any CPU
		{011D2C00-8E6A-4811-96C9-023337706E99}.Debug|Any CPU.ActiveCfg = Debug|Any CPU
		{011D2C00-8E6A-4811-96C9-023337706E99}.Debug|Any CPU.Build.0 = Debug|Any CPU
		{011D2C00-8E6A-4811-96C9-023337706E99}.Release|Any CPU.ActiveCfg = Release|Any CPU
		{011D2C00-8E6A-4811-96C9-023337706E99}.Release|Any CPU.Build.0 = Release|Any CPU
		{7DC0C77E-A573-41E8-B74A-0081A8240677}.Debug|Any CPU.ActiveCfg = Debug|Any CPU
		{7DC0C77E-A573-41E8-B74A-0081A8240677}.Debug|Any CPU.Build.0 = Debug|Any CPU
		{7DC0C77E-A573-41E8-B74A-0081A8240677}.Release|Any CPU.ActiveCfg = Release|Any CPU
		{7DC0C77E-A573-41E8-B74A-0081A8240677}.Release|Any CPU.Build.0 = Release|Any CPU
		{8B3C8E29-1E6A-4F70-B814-3A89AE066E5F}.Debug|Any CPU.ActiveCfg = Debug|Any CPU
		{8B3C8E29-1E6A-4F70-B814-3A89AE066E5F}.Debug|Any CPU.Build.0 = Debug|Any CPU
		{8B3C8E29-1E6A-4F70-B814-3A89AE066E5F}.Release|Any CPU.ActiveCfg = Release|Any CPU
		{8B3C8E29-1E6A-4F70-B814-3A89AE066E5F}.Release|Any CPU.Build.0 = Release|Any CPU
	EndGlobalSection
	GlobalSection(SolutionProperties) = preSolution
		HideSolutionNode = FALSE
	EndGlobalSection
EndGlobal
