
Microsoft Visual Studio Solution File, Format Version 12.00
# Visual Studio 2013
VisualStudioVersion = 12.0.40629.0
MinimumVisualStudioVersion = 10.0.40219.1
Project("{FAE04EC0-301F-11D3-BF4B-00C04F79EFBC}") = "Task01", "Task01\Task01.csproj", "{FCB904AC-B6E9-411E-B35E-4C50C944183C}"
EndProject
Project("{FAE04EC0-301F-11D3-BF4B-00C04F79EFBC}") = "Task02", "Task02\Task02.csproj", "{F3EABCF5-D821-4780-9B18-8AD67E83F3F3}"
EndProject
Project("{FAE04EC0-301F-11D3-BF4B-00C04F79EFBC}") = "Task03", "Task03\Task03.csproj", "{1B95FB31-0946-4F8D-BBC1-ED37EBF0F58D}"
EndProject
Project("{FAE04EC0-301F-11D3-BF4B-00C04F79EFBC}") = "Task04", "Task04\Task04.csproj", "{74F99F42-5B34-4F29-AB36-B71FE8CAF44C}"
EndProject
Project("{FAE04EC0-301F-11D3-BF4B-00C04F79EFBC}") = "Task05", "Task05\Task05.csproj", "{46E1BAF5-F264-482C-8F8B-47179E2DE3F9}"
EndProject
Project("{FAE04EC0-301F-11D3-BF4B-00C04F79EFBC}") = "Task06", "Task06\Task06.csproj", "{F2D55687-3BF7-48F2-A2DC-A4C524C5AD53}"
EndProject
Project("{FAE04EC0-301F-11D3-BF4B-00C04F79EFBC}") = "Task07", "Task07\Task07.csproj", "{1CD0605C-3C33-42F2-97F9-A6DFA7A87927}"
EndProject
Project("{FAE04EC0-301F-11D3-BF4B-00C04F79EFBC}") = "Task08", "Task08\Task08.csproj", "{309C8C2D-3A6B-4E56-B2FD-740BF34D522D}"
EndProject
Project("{FAE04EC0-301F-11D3-BF4B-00C04F79EFBC}") = "Task09", "Task09\Task09.csproj", "{42DBE039-8EB9-46EB-B4A5-4C00A5121E30}"
EndProject
Project("{FAE04EC0-301F-11D3-BF4B-00C04F79EFBC}") = "Task10", "Task10\Task10.csproj", "{A92EA1CB-681B-4F16-A7D9-FC11CF88AB72}"
EndProject
Project("{FAE04EC0-301F-11D3-BF4B-00C04F79EFBC}") = "Task11", "Task11\Task11.csproj", "{D109F20B-80F2-4C7A-9E95-CB5150DE5D7C}"
EndProject
Project("{FAE04EC0-301F-11D3-BF4B-00C04F79EFBC}") = "Task12", "Task12\Task12.csproj", "{1B4F8118-3E61-4D71-8447-93820814E0BC}"
EndProject
Project("{FAE04EC0-301F-11D3-BF4B-00C04F79EFBC}") = "Task13", "Task13\Task13.csproj", "{C0CDBE49-B799-4DBB-9CAB-35BD62DD180B}"
EndProject
Project("{FAE04EC0-301F-11D3-BF4B-00C04F79EFBC}") = "Task14", "Task14\Task14.csproj", "{563651B0-5606-4001-B1E8-C78B273436C8}"
EndProject
Project("{FAE04EC0-301F-11D3-BF4B-00C04F79EFBC}") = "Task15", "Task15\Task15.csproj", "{8FF1202E-CC03-415D-ACC4-83512EDAA4E9}"
EndProject
Project("{FAE04EC0-301F-11D3-BF4B-00C04F79EFBC}") = "Task16", "Task16\Task16.csproj", "{34602004-8B0D-4815-B6FB-421308380EBE}"
EndProject
Project("{FAE04EC0-301F-11D3-BF4B-00C04F79EFBC}") = "Task17", "Task17\Task17.csproj", "{50571FCD-2BC1-4B6C-BE86-ADD353563A77}"
EndProject
Global
	GlobalSection(SolutionConfigurationPlatforms) = preSolution
		Debug|Any CPU = Debug|Any CPU
		Release|Any CPU = Release|Any CPU
	EndGlobalSection
	GlobalSection(ProjectConfigurationPlatforms) = postSolution
		{FCB904AC-B6E9-411E-B35E-4C50C944183C}.Debug|Any CPU.ActiveCfg = Debug|Any CPU
		{FCB904AC-B6E9-411E-B35E-4C50C944183C}.Debug|Any CPU.Build.0 = Debug|Any CPU
		{FCB904AC-B6E9-411E-B35E-4C50C944183C}.Release|Any CPU.ActiveCfg = Release|Any CPU
		{FCB904AC-B6E9-411E-B35E-4C50C944183C}.Release|Any CPU.Build.0 = Release|Any CPU
		{F3EABCF5-D821-4780-9B18-8AD67E83F3F3}.Debug|Any CPU.ActiveCfg = Debug|Any CPU
		{F3EABCF5-D821-4780-9B18-8AD67E83F3F3}.Debug|Any CPU.Build.0 = Debug|Any CPU
		{F3EABCF5-D821-4780-9B18-8AD67E83F3F3}.Release|Any CPU.ActiveCfg = Release|Any CPU
		{F3EABCF5-D821-4780-9B18-8AD67E83F3F3}.Release|Any CPU.Build.0 = Release|Any CPU
		{1B95FB31-0946-4F8D-BBC1-ED37EBF0F58D}.Debug|Any CPU.ActiveCfg = Debug|Any CPU
		{1B95FB31-0946-4F8D-BBC1-ED37EBF0F58D}.Debug|Any CPU.Build.0 = Debug|Any CPU
		{1B95FB31-0946-4F8D-BBC1-ED37EBF0F58D}.Release|Any CPU.ActiveCfg = Release|Any CPU
		{1B95FB31-0946-4F8D-BBC1-ED37EBF0F58D}.Release|Any CPU.Build.0 = Release|Any CPU
		{74F99F42-5B34-4F29-AB36-B71FE8CAF44C}.Debug|Any CPU.ActiveCfg = Debug|Any CPU
		{74F99F42-5B34-4F29-AB36-B71FE8CAF44C}.Debug|Any CPU.Build.0 = Debug|Any CPU
		{74F99F42-5B34-4F29-AB36-B71FE8CAF44C}.Release|Any CPU.ActiveCfg = Release|Any CPU
		{74F99F42-5B34-4F29-AB36-B71FE8CAF44C}.Release|Any CPU.Build.0 = Release|Any CPU
		{46E1BAF5-F264-482C-8F8B-47179E2DE3F9}.Debug|Any CPU.ActiveCfg = Debug|Any CPU
		{46E1BAF5-F264-482C-8F8B-47179E2DE3F9}.Debug|Any CPU.Build.0 = Debug|Any CPU
		{46E1BAF5-F264-482C-8F8B-47179E2DE3F9}.Release|Any CPU.ActiveCfg = Release|Any CPU
		{46E1BAF5-F264-482C-8F8B-47179E2DE3F9}.Release|Any CPU.Build.0 = Release|Any CPU
		{F2D55687-3BF7-48F2-A2DC-A4C524C5AD53}.Debug|Any CPU.ActiveCfg = Debug|Any CPU
		{F2D55687-3BF7-48F2-A2DC-A4C524C5AD53}.Debug|Any CPU.Build.0 = Debug|Any CPU
		{F2D55687-3BF7-48F2-A2DC-A4C524C5AD53}.Release|Any CPU.ActiveCfg = Release|Any CPU
		{F2D55687-3BF7-48F2-A2DC-A4C524C5AD53}.Release|Any CPU.Build.0 = Release|Any CPU
		{1CD0605C-3C33-42F2-97F9-A6DFA7A87927}.Debug|Any CPU.ActiveCfg = Debug|Any CPU
		{1CD0605C-3C33-42F2-97F9-A6DFA7A87927}.Debug|Any CPU.Build.0 = Debug|Any CPU
		{1CD0605C-3C33-42F2-97F9-A6DFA7A87927}.Release|Any CPU.ActiveCfg = Release|Any CPU
		{1CD0605C-3C33-42F2-97F9-A6DFA7A87927}.Release|Any CPU.Build.0 = Release|Any CPU
		{309C8C2D-3A6B-4E56-B2FD-740BF34D522D}.Debug|Any CPU.ActiveCfg = Debug|Any CPU
		{309C8C2D-3A6B-4E56-B2FD-740BF34D522D}.Debug|Any CPU.Build.0 = Debug|Any CPU
		{309C8C2D-3A6B-4E56-B2FD-740BF34D522D}.Release|Any CPU.ActiveCfg = Release|Any CPU
		{309C8C2D-3A6B-4E56-B2FD-740BF34D522D}.Release|Any CPU.Build.0 = Release|Any CPU
		{42DBE039-8EB9-46EB-B4A5-4C00A5121E30}.Debug|Any CPU.ActiveCfg = Debug|Any CPU
		{42DBE039-8EB9-46EB-B4A5-4C00A5121E30}.Debug|Any CPU.Build.0 = Debug|Any CPU
		{42DBE039-8EB9-46EB-B4A5-4C00A5121E30}.Release|Any CPU.ActiveCfg = Release|Any CPU
		{42DBE039-8EB9-46EB-B4A5-4C00A5121E30}.Release|Any CPU.Build.0 = Release|Any CPU
		{A92EA1CB-681B-4F16-A7D9-FC11CF88AB72}.Debug|Any CPU.ActiveCfg = Debug|Any CPU
		{A92EA1CB-681B-4F16-A7D9-FC11CF88AB72}.Debug|Any CPU.Build.0 = Debug|Any CPU
		{A92EA1CB-681B-4F16-A7D9-FC11CF88AB72}.Release|Any CPU.ActiveCfg = Release|Any CPU
		{A92EA1CB-681B-4F16-A7D9-FC11CF88AB72}.Release|Any CPU.Build.0 = Release|Any CPU
		{D109F20B-80F2-4C7A-9E95-CB5150DE5D7C}.Debug|Any CPU.ActiveCfg = Debug|Any CPU
		{D109F20B-80F2-4C7A-9E95-CB5150DE5D7C}.Debug|Any CPU.Build.0 = Debug|Any CPU
		{D109F20B-80F2-4C7A-9E95-CB5150DE5D7C}.Release|Any CPU.ActiveCfg = Release|Any CPU
		{D109F20B-80F2-4C7A-9E95-CB5150DE5D7C}.Release|Any CPU.Build.0 = Release|Any CPU
		{1B4F8118-3E61-4D71-8447-93820814E0BC}.Debug|Any CPU.ActiveCfg = Debug|Any CPU
		{1B4F8118-3E61-4D71-8447-93820814E0BC}.Debug|Any CPU.Build.0 = Debug|Any CPU
		{1B4F8118-3E61-4D71-8447-93820814E0BC}.Release|Any CPU.ActiveCfg = Release|Any CPU
		{1B4F8118-3E61-4D71-8447-93820814E0BC}.Release|Any CPU.Build.0 = Release|Any CPU
		{C0CDBE49-B799-4DBB-9CAB-35BD62DD180B}.Debug|Any CPU.ActiveCfg = Debug|Any CPU
		{C0CDBE49-B799-4DBB-9CAB-35BD62DD180B}.Debug|Any CPU.Build.0 = Debug|Any CPU
		{C0CDBE49-B799-4DBB-9CAB-35BD62DD180B}.Release|Any CPU.ActiveCfg = Release|Any CPU
		{C0CDBE49-B799-4DBB-9CAB-35BD62DD180B}.Release|Any CPU.Build.0 = Release|Any CPU
		{563651B0-5606-4001-B1E8-C78B273436C8}.Debug|Any CPU.ActiveCfg = Debug|Any CPU
		{563651B0-5606-4001-B1E8-C78B273436C8}.Debug|Any CPU.Build.0 = Debug|Any CPU
		{563651B0-5606-4001-B1E8-C78B273436C8}.Release|Any CPU.ActiveCfg = Release|Any CPU
		{563651B0-5606-4001-B1E8-C78B273436C8}.Release|Any CPU.Build.0 = Release|Any CPU
		{8FF1202E-CC03-415D-ACC4-83512EDAA4E9}.Debug|Any CPU.ActiveCfg = Debug|Any CPU
		{8FF1202E-CC03-415D-ACC4-83512EDAA4E9}.Debug|Any CPU.Build.0 = Debug|Any CPU
		{8FF1202E-CC03-415D-ACC4-83512EDAA4E9}.Release|Any CPU.ActiveCfg = Release|Any CPU
		{8FF1202E-CC03-415D-ACC4-83512EDAA4E9}.Release|Any CPU.Build.0 = Release|Any CPU
		{34602004-8B0D-4815-B6FB-421308380EBE}.Debug|Any CPU.ActiveCfg = Debug|Any CPU
		{34602004-8B0D-4815-B6FB-421308380EBE}.Debug|Any CPU.Build.0 = Debug|Any CPU
		{34602004-8B0D-4815-B6FB-421308380EBE}.Release|Any CPU.ActiveCfg = Release|Any CPU
		{34602004-8B0D-4815-B6FB-421308380EBE}.Release|Any CPU.Build.0 = Release|Any CPU
		{50571FCD-2BC1-4B6C-BE86-ADD353563A77}.Debug|Any CPU.ActiveCfg = Debug|Any CPU
		{50571FCD-2BC1-4B6C-BE86-ADD353563A77}.Debug|Any CPU.Build.0 = Debug|Any CPU
		{50571FCD-2BC1-4B6C-BE86-ADD353563A77}.Release|Any CPU.ActiveCfg = Release|Any CPU
		{50571FCD-2BC1-4B6C-BE86-ADD353563A77}.Release|Any CPU.Build.0 = Release|Any CPU
	EndGlobalSection
	GlobalSection(SolutionProperties) = preSolution
		HideSolutionNode = FALSE
	EndGlobalSection
EndGlobal
