
Microsoft Visual Studio Solution File, Format Version 12.00
# Visual Studio 2013
VisualStudioVersion = 12.0.40629.0
MinimumVisualStudioVersion = 10.0.40219.1
Project("{FAE04EC0-301F-11D3-BF4B-00C04F79EFBC}") = "MyClasses", "MyClasses\MyClasses.csproj", "{8D68F1B7-A317-4A3C-8DAC-D0C28D2589BF}"
EndProject
Project("{FAE04EC0-301F-11D3-BF4B-00C04F79EFBC}") = "ClassTest", "ClassTest\ClassTest.csproj", "{645F6E21-B3D4-4A6D-9EE0-3D9199F99544}"
EndProject
Global
	GlobalSection(SolutionConfigurationPlatforms) = preSolution
		Debug|Any CPU = Debug|Any CPU
		Release|Any CPU = Release|Any CPU
	EndGlobalSection
	GlobalSection(ProjectConfigurationPlatforms) = postSolution
		{8D68F1B7-A317-4A3C-8DAC-D0C28D2589BF}.Debug|Any CPU.ActiveCfg = Debug|Any CPU
		{8D68F1B7-A317-4A3C-8DAC-D0C28D2589BF}.Debug|Any CPU.Build.0 = Debug|Any CPU
		{8D68F1B7-A317-4A3C-8DAC-D0C28D2589BF}.Release|Any CPU.ActiveCfg = Release|Any CPU
		{8D68F1B7-A317-4A3C-8DAC-D0C28D2589BF}.Release|Any CPU.Build.0 = Release|Any CPU
		{645F6E21-B3D4-4A6D-9EE0-3D9199F99544}.Debug|Any CPU.ActiveCfg = Debug|Any CPU
		{645F6E21-B3D4-4A6D-9EE0-3D9199F99544}.Debug|Any CPU.Build.0 = Debug|Any CPU
		{645F6E21-B3D4-4A6D-9EE0-3D9199F99544}.Release|Any CPU.ActiveCfg = Release|Any CPU
		{645F6E21-B3D4-4A6D-9EE0-3D9199F99544}.Release|Any CPU.Build.0 = Release|Any CPU
	EndGlobalSection
	GlobalSection(SolutionProperties) = preSolution
		HideSolutionNode = FALSE
	EndGlobalSection
EndGlobal
