
Microsoft Visual Studio Solution File, Format Version 12.00
# Visual Studio 2013
VisualStudioVersion = 12.0.40629.0
MinimumVisualStudioVersion = 10.0.40219.1
Project("{FAE04EC0-301F-11D3-BF4B-00C04F79EFBC}") = "Task05", "ConsoleApplication1\Task05.csproj", "{AB5A9BF3-92B5-446A-A682-20B614D4E144}"
EndProject
Project("{FAE04EC0-301F-11D3-BF4B-00C04F79EFBC}") = "Task06", "Task06\Task06.csproj", "{969D5091-CA06-44F4-97D6-E05DA6F542D1}"
EndProject
Project("{FAE04EC0-301F-11D3-BF4B-00C04F79EFBC}") = "Task07", "Task07\Task07.csproj", "{75FC1363-E88B-4852-8371-7267230F2716}"
EndProject
Project("{FAE04EC0-301F-11D3-BF4B-00C04F79EFBC}") = "Task20", "Task20\Task20.csproj", "{06316FFD-16D0-4A7F-A903-DE8613F05160}"
EndProject
Project("{FAE04EC0-301F-11D3-BF4B-00C04F79EFBC}") = "Task21", "Task21\Task21.csproj", "{C4593111-79DE-4684-8F4A-F232E72A1888}"
EndProject
Project("{FAE04EC0-301F-11D3-BF4B-00C04F79EFBC}") = "Task22", "Task22\Task22.csproj", "{B94F1340-BE72-44DC-BAE6-E1EBCC803002}"
EndProject
Project("{FAE04EC0-301F-11D3-BF4B-00C04F79EFBC}") = "Task23", "Task23\Task23.csproj", "{0575D98B-3185-4E83-8A75-6D3589B8CA2C}"
EndProject
Global
	GlobalSection(SolutionConfigurationPlatforms) = preSolution
		Debug|Any CPU = Debug|Any CPU
		Release|Any CPU = Release|Any CPU
	EndGlobalSection
	GlobalSection(ProjectConfigurationPlatforms) = postSolution
		{AB5A9BF3-92B5-446A-A682-20B614D4E144}.Debug|Any CPU.ActiveCfg = Debug|Any CPU
		{AB5A9BF3-92B5-446A-A682-20B614D4E144}.Debug|Any CPU.Build.0 = Debug|Any CPU
		{AB5A9BF3-92B5-446A-A682-20B614D4E144}.Release|Any CPU.ActiveCfg = Release|Any CPU
		{AB5A9BF3-92B5-446A-A682-20B614D4E144}.Release|Any CPU.Build.0 = Release|Any CPU
		{969D5091-CA06-44F4-97D6-E05DA6F542D1}.Debug|Any CPU.ActiveCfg = Debug|Any CPU
		{969D5091-CA06-44F4-97D6-E05DA6F542D1}.Debug|Any CPU.Build.0 = Debug|Any CPU
		{969D5091-CA06-44F4-97D6-E05DA6F542D1}.Release|Any CPU.ActiveCfg = Release|Any CPU
		{969D5091-CA06-44F4-97D6-E05DA6F542D1}.Release|Any CPU.Build.0 = Release|Any CPU
		{75FC1363-E88B-4852-8371-7267230F2716}.Debug|Any CPU.ActiveCfg = Debug|Any CPU
		{75FC1363-E88B-4852-8371-7267230F2716}.Debug|Any CPU.Build.0 = Debug|Any CPU
		{75FC1363-E88B-4852-8371-7267230F2716}.Release|Any CPU.ActiveCfg = Release|Any CPU
		{75FC1363-E88B-4852-8371-7267230F2716}.Release|Any CPU.Build.0 = Release|Any CPU
		{06316FFD-16D0-4A7F-A903-DE8613F05160}.Debug|Any CPU.ActiveCfg = Debug|Any CPU
		{06316FFD-16D0-4A7F-A903-DE8613F05160}.Debug|Any CPU.Build.0 = Debug|Any CPU
		{06316FFD-16D0-4A7F-A903-DE8613F05160}.Release|Any CPU.ActiveCfg = Release|Any CPU
		{06316FFD-16D0-4A7F-A903-DE8613F05160}.Release|Any CPU.Build.0 = Release|Any CPU
		{C4593111-79DE-4684-8F4A-F232E72A1888}.Debug|Any CPU.ActiveCfg = Debug|Any CPU
		{C4593111-79DE-4684-8F4A-F232E72A1888}.Debug|Any CPU.Build.0 = Debug|Any CPU
		{C4593111-79DE-4684-8F4A-F232E72A1888}.Release|Any CPU.ActiveCfg = Release|Any CPU
		{C4593111-79DE-4684-8F4A-F232E72A1888}.Release|Any CPU.Build.0 = Release|Any CPU
		{B94F1340-BE72-44DC-BAE6-E1EBCC803002}.Debug|Any CPU.ActiveCfg = Debug|Any CPU
		{B94F1340-BE72-44DC-BAE6-E1EBCC803002}.Debug|Any CPU.Build.0 = Debug|Any CPU
		{B94F1340-BE72-44DC-BAE6-E1EBCC803002}.Release|Any CPU.ActiveCfg = Release|Any CPU
		{B94F1340-BE72-44DC-BAE6-E1EBCC803002}.Release|Any CPU.Build.0 = Release|Any CPU
		{0575D98B-3185-4E83-8A75-6D3589B8CA2C}.Debug|Any CPU.ActiveCfg = Debug|Any CPU
		{0575D98B-3185-4E83-8A75-6D3589B8CA2C}.Debug|Any CPU.Build.0 = Debug|Any CPU
		{0575D98B-3185-4E83-8A75-6D3589B8CA2C}.Release|Any CPU.ActiveCfg = Release|Any CPU
		{0575D98B-3185-4E83-8A75-6D3589B8CA2C}.Release|Any CPU.Build.0 = Release|Any CPU
	EndGlobalSection
	GlobalSection(SolutionProperties) = preSolution
		HideSolutionNode = FALSE
	EndGlobalSection
EndGlobal
