
Microsoft Visual Studio Solution File, Format Version 12.00
# Visual Studio 2013
VisualStudioVersion = 12.0.40629.0
MinimumVisualStudioVersion = 10.0.40219.1
Project("{FAE04EC0-301F-11D3-BF4B-00C04F79EFBC}") = "Task1", "Task1\Task1.csproj", "{F9A6D9BD-09C3-4608-95A9-3176F2BEF614}"
EndProject
Project("{FAE04EC0-301F-11D3-BF4B-00C04F79EFBC}") = "Task2", "Task2\Task2.csproj", "{B5B5207C-59DC-4B19-AD32-6A49A663039D}"
EndProject
Project("{FAE04EC0-301F-11D3-BF4B-00C04F79EFBC}") = "Task3", "Task3\Task3.csproj", "{D8CF49A7-B531-46D1-AACA-5886D46A5595}"
EndProject
Project("{FAE04EC0-301F-11D3-BF4B-00C04F79EFBC}") = "Task4", "Task4\Task4.csproj", "{35BEDD87-73E6-4F40-B399-30516776B524}"
EndProject
Project("{FAE04EC0-301F-11D3-BF4B-00C04F79EFBC}") = "Task5", "Task5\Task5.csproj", "{00DB732F-54AD-4A3A-A9FD-36AA818C8621}"
EndProject
Project("{FAE04EC0-301F-11D3-BF4B-00C04F79EFBC}") = "Task6", "Task6\Task6.csproj", "{61F45BC0-F752-411D-A158-1E7D296B6B39}"
EndProject
Project("{FAE04EC0-301F-11D3-BF4B-00C04F79EFBC}") = "Task7", "Task7\Task7.csproj", "{D2C85E0D-3944-47AD-857F-BA9299A1FBAC}"
EndProject
Project("{FAE04EC0-301F-11D3-BF4B-00C04F79EFBC}") = "Task8", "Task8\Task8.csproj", "{81F06C38-0798-4AB9-B0CB-2F088AC2FDBA}"
EndProject
Project("{FAE04EC0-301F-11D3-BF4B-00C04F79EFBC}") = "Task9", "Task9\Task9.csproj", "{43B29EB2-59BE-4A67-97AD-95FD8494007D}"
EndProject
Project("{FAE04EC0-301F-11D3-BF4B-00C04F79EFBC}") = "Task10", "Task10\Task10.csproj", "{655A5DB1-6AD3-450D-AFB6-EDD221F9BB21}"
EndProject
Project("{FAE04EC0-301F-11D3-BF4B-00C04F79EFBC}") = "Task11", "Task11\Task11.csproj", "{756D13A6-4866-4C06-9B20-6654106A01BD}"
EndProject
Project("{FAE04EC0-301F-11D3-BF4B-00C04F79EFBC}") = "Task12", "Task12\Task12.csproj", "{1BD31A3A-8ADE-4DDB-88CD-DCB977EA8178}"
EndProject
Global
	GlobalSection(SolutionConfigurationPlatforms) = preSolution
		Debug|Any CPU = Debug|Any CPU
		Release|Any CPU = Release|Any CPU
	EndGlobalSection
	GlobalSection(ProjectConfigurationPlatforms) = postSolution
		{F9A6D9BD-09C3-4608-95A9-3176F2BEF614}.Debug|Any CPU.ActiveCfg = Debug|Any CPU
		{F9A6D9BD-09C3-4608-95A9-3176F2BEF614}.Debug|Any CPU.Build.0 = Debug|Any CPU
		{F9A6D9BD-09C3-4608-95A9-3176F2BEF614}.Release|Any CPU.ActiveCfg = Release|Any CPU
		{F9A6D9BD-09C3-4608-95A9-3176F2BEF614}.Release|Any CPU.Build.0 = Release|Any CPU
		{B5B5207C-59DC-4B19-AD32-6A49A663039D}.Debug|Any CPU.ActiveCfg = Debug|Any CPU
		{B5B5207C-59DC-4B19-AD32-6A49A663039D}.Debug|Any CPU.Build.0 = Debug|Any CPU
		{B5B5207C-59DC-4B19-AD32-6A49A663039D}.Release|Any CPU.ActiveCfg = Release|Any CPU
		{B5B5207C-59DC-4B19-AD32-6A49A663039D}.Release|Any CPU.Build.0 = Release|Any CPU
		{D8CF49A7-B531-46D1-AACA-5886D46A5595}.Debug|Any CPU.ActiveCfg = Debug|Any CPU
		{D8CF49A7-B531-46D1-AACA-5886D46A5595}.Debug|Any CPU.Build.0 = Debug|Any CPU
		{D8CF49A7-B531-46D1-AACA-5886D46A5595}.Release|Any CPU.ActiveCfg = Release|Any CPU
		{D8CF49A7-B531-46D1-AACA-5886D46A5595}.Release|Any CPU.Build.0 = Release|Any CPU
		{35BEDD87-73E6-4F40-B399-30516776B524}.Debug|Any CPU.ActiveCfg = Debug|Any CPU
		{35BEDD87-73E6-4F40-B399-30516776B524}.Debug|Any CPU.Build.0 = Debug|Any CPU
		{35BEDD87-73E6-4F40-B399-30516776B524}.Release|Any CPU.ActiveCfg = Release|Any CPU
		{35BEDD87-73E6-4F40-B399-30516776B524}.Release|Any CPU.Build.0 = Release|Any CPU
		{00DB732F-54AD-4A3A-A9FD-36AA818C8621}.Debug|Any CPU.ActiveCfg = Debug|Any CPU
		{00DB732F-54AD-4A3A-A9FD-36AA818C8621}.Debug|Any CPU.Build.0 = Debug|Any CPU
		{00DB732F-54AD-4A3A-A9FD-36AA818C8621}.Release|Any CPU.ActiveCfg = Release|Any CPU
		{00DB732F-54AD-4A3A-A9FD-36AA818C8621}.Release|Any CPU.Build.0 = Release|Any CPU
		{61F45BC0-F752-411D-A158-1E7D296B6B39}.Debug|Any CPU.ActiveCfg = Debug|Any CPU
		{61F45BC0-F752-411D-A158-1E7D296B6B39}.Debug|Any CPU.Build.0 = Debug|Any CPU
		{61F45BC0-F752-411D-A158-1E7D296B6B39}.Release|Any CPU.ActiveCfg = Release|Any CPU
		{61F45BC0-F752-411D-A158-1E7D296B6B39}.Release|Any CPU.Build.0 = Release|Any CPU
		{D2C85E0D-3944-47AD-857F-BA9299A1FBAC}.Debug|Any CPU.ActiveCfg = Debug|Any CPU
		{D2C85E0D-3944-47AD-857F-BA9299A1FBAC}.Debug|Any CPU.Build.0 = Debug|Any CPU
		{D2C85E0D-3944-47AD-857F-BA9299A1FBAC}.Release|Any CPU.ActiveCfg = Release|Any CPU
		{D2C85E0D-3944-47AD-857F-BA9299A1FBAC}.Release|Any CPU.Build.0 = Release|Any CPU
		{81F06C38-0798-4AB9-B0CB-2F088AC2FDBA}.Debug|Any CPU.ActiveCfg = Debug|Any CPU
		{81F06C38-0798-4AB9-B0CB-2F088AC2FDBA}.Debug|Any CPU.Build.0 = Debug|Any CPU
		{81F06C38-0798-4AB9-B0CB-2F088AC2FDBA}.Release|Any CPU.ActiveCfg = Release|Any CPU
		{81F06C38-0798-4AB9-B0CB-2F088AC2FDBA}.Release|Any CPU.Build.0 = Release|Any CPU
		{43B29EB2-59BE-4A67-97AD-95FD8494007D}.Debug|Any CPU.ActiveCfg = Debug|Any CPU
		{43B29EB2-59BE-4A67-97AD-95FD8494007D}.Debug|Any CPU.Build.0 = Debug|Any CPU
		{43B29EB2-59BE-4A67-97AD-95FD8494007D}.Release|Any CPU.ActiveCfg = Release|Any CPU
		{43B29EB2-59BE-4A67-97AD-95FD8494007D}.Release|Any CPU.Build.0 = Release|Any CPU
		{655A5DB1-6AD3-450D-AFB6-EDD221F9BB21}.Debug|Any CPU.ActiveCfg = Debug|Any CPU
		{655A5DB1-6AD3-450D-AFB6-EDD221F9BB21}.Debug|Any CPU.Build.0 = Debug|Any CPU
		{655A5DB1-6AD3-450D-AFB6-EDD221F9BB21}.Release|Any CPU.ActiveCfg = Release|Any CPU
		{655A5DB1-6AD3-450D-AFB6-EDD221F9BB21}.Release|Any CPU.Build.0 = Release|Any CPU
		{756D13A6-4866-4C06-9B20-6654106A01BD}.Debug|Any CPU.ActiveCfg = Debug|Any CPU
		{756D13A6-4866-4C06-9B20-6654106A01BD}.Debug|Any CPU.Build.0 = Debug|Any CPU
		{756D13A6-4866-4C06-9B20-6654106A01BD}.Release|Any CPU.ActiveCfg = Release|Any CPU
		{756D13A6-4866-4C06-9B20-6654106A01BD}.Release|Any CPU.Build.0 = Release|Any CPU
		{1BD31A3A-8ADE-4DDB-88CD-DCB977EA8178}.Debug|Any CPU.ActiveCfg = Debug|Any CPU
		{1BD31A3A-8ADE-4DDB-88CD-DCB977EA8178}.Debug|Any CPU.Build.0 = Debug|Any CPU
		{1BD31A3A-8ADE-4DDB-88CD-DCB977EA8178}.Release|Any CPU.ActiveCfg = Release|Any CPU
		{1BD31A3A-8ADE-4DDB-88CD-DCB977EA8178}.Release|Any CPU.Build.0 = Release|Any CPU
	EndGlobalSection
	GlobalSection(SolutionProperties) = preSolution
		HideSolutionNode = FALSE
	EndGlobalSection
EndGlobal
