
Microsoft Visual Studio Solution File, Format Version 12.00
# Visual Studio 2013
VisualStudioVersion = 12.0.40629.0
MinimumVisualStudioVersion = 10.0.40219.1
Project("{FAE04EC0-301F-11D3-BF4B-00C04F79EFBC}") = "Task1", "Task1\Task1.csproj", "{0214463E-4298-4788-BEB8-2FF54435677D}"
EndProject
Project("{FAE04EC0-301F-11D3-BF4B-00C04F79EFBC}") = "Task2", "Task2\Task2.csproj", "{774B82B7-2259-49B2-9361-3D8426FF286F}"
EndProject
Project("{FAE04EC0-301F-11D3-BF4B-00C04F79EFBC}") = "Task3", "Task3\Task3.csproj", "{3FE50C60-EF6C-4A7F-B4AF-B8E13DF5247C}"
EndProject
Project("{FAE04EC0-301F-11D3-BF4B-00C04F79EFBC}") = "Task4", "Task4\Task4.csproj", "{BB32F679-79EF-49DD-BF77-C3C2D3934BAA}"
EndProject
Project("{FAE04EC0-301F-11D3-BF4B-00C04F79EFBC}") = "Task5", "Task 5\Task5.csproj", "{D0489B16-E4FB-40F2-9035-FCDA5B60E4DE}"
EndProject
Project("{FAE04EC0-301F-11D3-BF4B-00C04F79EFBC}") = "Task6", "Task6\Task6.csproj", "{F58F5C56-FACA-4F3E-8AEA-0BBB2CDBBA1A}"
EndProject
Project("{FAE04EC0-301F-11D3-BF4B-00C04F79EFBC}") = "Task7", "Task7\Task7.csproj", "{A5B7E239-50D3-49D3-AC9B-A768D7A2DC37}"
EndProject
Project("{FAE04EC0-301F-11D3-BF4B-00C04F79EFBC}") = "Task8", "Task8\Task8.csproj", "{7AC921A0-7BC3-486F-AB2D-2361CA846FD5}"
EndProject
Global
	GlobalSection(SolutionConfigurationPlatforms) = preSolution
		Debug|Any CPU = Debug|Any CPU
		Release|Any CPU = Release|Any CPU
	EndGlobalSection
	GlobalSection(ProjectConfigurationPlatforms) = postSolution
		{0214463E-4298-4788-BEB8-2FF54435677D}.Debug|Any CPU.ActiveCfg = Debug|Any CPU
		{0214463E-4298-4788-BEB8-2FF54435677D}.Debug|Any CPU.Build.0 = Debug|Any CPU
		{0214463E-4298-4788-BEB8-2FF54435677D}.Release|Any CPU.ActiveCfg = Release|Any CPU
		{0214463E-4298-4788-BEB8-2FF54435677D}.Release|Any CPU.Build.0 = Release|Any CPU
		{774B82B7-2259-49B2-9361-3D8426FF286F}.Debug|Any CPU.ActiveCfg = Debug|Any CPU
		{774B82B7-2259-49B2-9361-3D8426FF286F}.Debug|Any CPU.Build.0 = Debug|Any CPU
		{774B82B7-2259-49B2-9361-3D8426FF286F}.Release|Any CPU.ActiveCfg = Release|Any CPU
		{774B82B7-2259-49B2-9361-3D8426FF286F}.Release|Any CPU.Build.0 = Release|Any CPU
		{3FE50C60-EF6C-4A7F-B4AF-B8E13DF5247C}.Debug|Any CPU.ActiveCfg = Debug|Any CPU
		{3FE50C60-EF6C-4A7F-B4AF-B8E13DF5247C}.Debug|Any CPU.Build.0 = Debug|Any CPU
		{3FE50C60-EF6C-4A7F-B4AF-B8E13DF5247C}.Release|Any CPU.ActiveCfg = Release|Any CPU
		{3FE50C60-EF6C-4A7F-B4AF-B8E13DF5247C}.Release|Any CPU.Build.0 = Release|Any CPU
		{BB32F679-79EF-49DD-BF77-C3C2D3934BAA}.Debug|Any CPU.ActiveCfg = Debug|Any CPU
		{BB32F679-79EF-49DD-BF77-C3C2D3934BAA}.Debug|Any CPU.Build.0 = Debug|Any CPU
		{BB32F679-79EF-49DD-BF77-C3C2D3934BAA}.Release|Any CPU.ActiveCfg = Release|Any CPU
		{BB32F679-79EF-49DD-BF77-C3C2D3934BAA}.Release|Any CPU.Build.0 = Release|Any CPU
		{D0489B16-E4FB-40F2-9035-FCDA5B60E4DE}.Debug|Any CPU.ActiveCfg = Debug|Any CPU
		{D0489B16-E4FB-40F2-9035-FCDA5B60E4DE}.Debug|Any CPU.Build.0 = Debug|Any CPU
		{D0489B16-E4FB-40F2-9035-FCDA5B60E4DE}.Release|Any CPU.ActiveCfg = Release|Any CPU
		{D0489B16-E4FB-40F2-9035-FCDA5B60E4DE}.Release|Any CPU.Build.0 = Release|Any CPU
		{F58F5C56-FACA-4F3E-8AEA-0BBB2CDBBA1A}.Debug|Any CPU.ActiveCfg = Debug|Any CPU
		{F58F5C56-FACA-4F3E-8AEA-0BBB2CDBBA1A}.Debug|Any CPU.Build.0 = Debug|Any CPU
		{F58F5C56-FACA-4F3E-8AEA-0BBB2CDBBA1A}.Release|Any CPU.ActiveCfg = Release|Any CPU
		{F58F5C56-FACA-4F3E-8AEA-0BBB2CDBBA1A}.Release|Any CPU.Build.0 = Release|Any CPU
		{A5B7E239-50D3-49D3-AC9B-A768D7A2DC37}.Debug|Any CPU.ActiveCfg = Debug|Any CPU
		{A5B7E239-50D3-49D3-AC9B-A768D7A2DC37}.Debug|Any CPU.Build.0 = Debug|Any CPU
		{A5B7E239-50D3-49D3-AC9B-A768D7A2DC37}.Release|Any CPU.ActiveCfg = Release|Any CPU
		{A5B7E239-50D3-49D3-AC9B-A768D7A2DC37}.Release|Any CPU.Build.0 = Release|Any CPU
		{7AC921A0-7BC3-486F-AB2D-2361CA846FD5}.Debug|Any CPU.ActiveCfg = Debug|Any CPU
		{7AC921A0-7BC3-486F-AB2D-2361CA846FD5}.Debug|Any CPU.Build.0 = Debug|Any CPU
		{7AC921A0-7BC3-486F-AB2D-2361CA846FD5}.Release|Any CPU.ActiveCfg = Release|Any CPU
		{7AC921A0-7BC3-486F-AB2D-2361CA846FD5}.Release|Any CPU.Build.0 = Release|Any CPU
	EndGlobalSection
	GlobalSection(SolutionProperties) = preSolution
		HideSolutionNode = FALSE
	EndGlobalSection
EndGlobal
