
Microsoft Visual Studio Solution File, Format Version 12.00
# Visual Studio 2013
VisualStudioVersion = 12.0.40629.0
MinimumVisualStudioVersion = 10.0.40219.1
Project("{FAE04EC0-301F-11D3-BF4B-00C04F79EFBC}") = "Task1", "Task1\Task1.csproj", "{88FE1AAA-810E-4E58-929E-5A42A0D1EEC3}"
EndProject
Project("{FAE04EC0-301F-11D3-BF4B-00C04F79EFBC}") = "Task2", "Task2\Task2.csproj", "{C64F90DF-7EED-4997-9711-A9E9AF1C72C3}"
EndProject
Project("{FAE04EC0-301F-11D3-BF4B-00C04F79EFBC}") = "Task3", "Task3\Task3.csproj", "{64374EE4-E1FC-479E-BEE9-6F5F16D7DD33}"
EndProject
Project("{FAE04EC0-301F-11D3-BF4B-00C04F79EFBC}") = "Task4", "Task4\Task4.csproj", "{5E6CC3FE-1E6E-4699-9D20-BEF2C8B8F46A}"
EndProject
Project("{FAE04EC0-301F-11D3-BF4B-00C04F79EFBC}") = "Task5", "Task5\Task5.csproj", "{3F668B89-B80A-4BB8-90B7-2FD8A3968C66}"
EndProject
Project("{FAE04EC0-301F-11D3-BF4B-00C04F79EFBC}") = "Task6", "Task6\Task6.csproj", "{85B3E822-F956-48B8-A906-4D9F9C69229E}"
EndProject
Project("{FAE04EC0-301F-11D3-BF4B-00C04F79EFBC}") = "Task7", "Task7\Task7.csproj", "{B085B7A2-A07B-4A1F-88AC-DE065301679F}"
EndProject
Project("{FAE04EC0-301F-11D3-BF4B-00C04F79EFBC}") = "Task8", "Task8\Task8.csproj", "{5705C2F7-65AE-4113-874D-02B255435CC5}"
EndProject
Project("{FAE04EC0-301F-11D3-BF4B-00C04F79EFBC}") = "Task9", "Task9\Task9.csproj", "{4CB68CD2-8D0E-4EF6-936C-C9BFD203BC2B}"
EndProject
Project("{FAE04EC0-301F-11D3-BF4B-00C04F79EFBC}") = "Task10", "Task10\Task10.csproj", "{301B06FD-D499-4C26-AC5D-A4C3F6D90EE6}"
EndProject
Project("{FAE04EC0-301F-11D3-BF4B-00C04F79EFBC}") = "Task11", "Task11\Task11.csproj", "{0AC180C7-BFA8-4EFE-9490-41E5DA450843}"
EndProject
Project("{FAE04EC0-301F-11D3-BF4B-00C04F79EFBC}") = "Task12", "Task12\Task12.csproj", "{F356041C-944A-4F6F-8718-75B5976245F4}"
EndProject
Project("{FAE04EC0-301F-11D3-BF4B-00C04F79EFBC}") = "Task13", "Task13\Task13.csproj", "{5213A000-86B1-4912-BB39-6133ADB90688}"
EndProject
Project("{FAE04EC0-301F-11D3-BF4B-00C04F79EFBC}") = "Task14", "Task14\Task14.csproj", "{FA627A4F-5828-460A-8B64-29E83C8193BD}"
EndProject
Project("{FAE04EC0-301F-11D3-BF4B-00C04F79EFBC}") = "Task15", "Task15\Task15.csproj", "{850D4A1F-89A5-4B49-9E88-FA2451A2AAEE}"
EndProject
Project("{FAE04EC0-301F-11D3-BF4B-00C04F79EFBC}") = "Task16", "Task16\Task16.csproj", "{28036737-0E7B-49CD-AF8A-87892EB40885}"
EndProject
Project("{FAE04EC0-301F-11D3-BF4B-00C04F79EFBC}") = "Task17", "Task17\Task17.csproj", "{4AD35AA4-7FCD-4F16-A8AA-821F32CB019D}"
EndProject
Project("{FAE04EC0-301F-11D3-BF4B-00C04F79EFBC}") = "Task18", "Task18\Task18.csproj", "{FB4E11D0-2D00-4A5C-A731-135365715699}"
EndProject
Project("{FAE04EC0-301F-11D3-BF4B-00C04F79EFBC}") = "Task19", "Task19\Task19.csproj", "{DAB4233E-EA3D-4941-BE5A-4F16FA792A58}"
EndProject
Project("{FAE04EC0-301F-11D3-BF4B-00C04F79EFBC}") = "Task20", "Task20\Task20.csproj", "{EE6563DA-82C0-4805-82F8-72305A350DC5}"
EndProject
Project("{FAE04EC0-301F-11D3-BF4B-00C04F79EFBC}") = "Task21", "Task21\Task21.csproj", "{12479191-3870-4533-A8EF-E753EC04432C}"
EndProject
Project("{FAE04EC0-301F-11D3-BF4B-00C04F79EFBC}") = "Task22", "Task22\Task22.csproj", "{BB5EA3BB-C0F8-497D-9EBA-C960A909FB9E}"
EndProject
Project("{FAE04EC0-301F-11D3-BF4B-00C04F79EFBC}") = "Task23", "Task23\Task23.csproj", "{BA2B3C77-70AA-4B3E-AC52-488E31B0A6BE}"
EndProject
Project("{FAE04EC0-301F-11D3-BF4B-00C04F79EFBC}") = "Task24", "Task24\Task24.csproj", "{266C0FEC-2709-45AC-AF5B-6461B559E2DA}"
EndProject
Project("{FAE04EC0-301F-11D3-BF4B-00C04F79EFBC}") = "Task25", "Task25\Task25.csproj", "{9B12CC7D-1D52-4C32-A442-C5C51667C00F}"
EndProject
Project("{FAE04EC0-301F-11D3-BF4B-00C04F79EFBC}") = "Task26", "Task26\Task26.csproj", "{4A1CC728-A168-42D8-ADAB-C9E589814AEC}"
EndProject
Project("{FAE04EC0-301F-11D3-BF4B-00C04F79EFBC}") = "Task27", "Task27\Task27.csproj", "{8D4DE32A-3E1D-4A30-A107-1A3D074E96F1}"
EndProject
Project("{FAE04EC0-301F-11D3-BF4B-00C04F79EFBC}") = "Task28", "Task28\Task28.csproj", "{D96FA260-F06E-41F6-8550-6011C5C6A9EA}"
EndProject
Project("{FAE04EC0-301F-11D3-BF4B-00C04F79EFBC}") = "Task29", "Task29\Task29.csproj", "{FCB82200-9402-498E-8EE0-826C3549FD64}"
EndProject
Project("{FAE04EC0-301F-11D3-BF4B-00C04F79EFBC}") = "Task30", "Task30\Task30.csproj", "{5D7DABC6-8437-46B5-BA27-9203873497A6}"
EndProject
Project("{FAE04EC0-301F-11D3-BF4B-00C04F79EFBC}") = "Task31", "Task31\Task31.csproj", "{A429A81A-19C6-4E41-8277-89BC318577FF}"
EndProject
Project("{FAE04EC0-301F-11D3-BF4B-00C04F79EFBC}") = "Task32", "Task32\Task32.csproj", "{FF731772-6C76-461E-AEBD-4B65EF120E57}"
EndProject
Project("{FAE04EC0-301F-11D3-BF4B-00C04F79EFBC}") = "Task33", "Task33\Task33.csproj", "{66722DA3-98A3-4D53-8E8E-045449D457FD}"
EndProject
Project("{FAE04EC0-301F-11D3-BF4B-00C04F79EFBC}") = "Task34", "Task34\Task34.csproj", "{4462AD1F-4F40-4137-A2DA-719097B1C357}"
EndProject
Project("{FAE04EC0-301F-11D3-BF4B-00C04F79EFBC}") = "Task35", "Task35\Task35.csproj", "{22F5E180-921E-40A2-8DB6-3831D6088B95}"
EndProject
Project("{FAE04EC0-301F-11D3-BF4B-00C04F79EFBC}") = "Task36", "Task36\Task36.csproj", "{DD088460-3812-4F12-AE67-21BCA22C25AD}"
EndProject
Project("{FAE04EC0-301F-11D3-BF4B-00C04F79EFBC}") = "Task37", "Task37\Task37.csproj", "{32406ADB-5845-4672-97F8-B88D7CC97CAA}"
EndProject
Global
	GlobalSection(SolutionConfigurationPlatforms) = preSolution
		Debug|Any CPU = Debug|Any CPU
		Release|Any CPU = Release|Any CPU
	EndGlobalSection
	GlobalSection(ProjectConfigurationPlatforms) = postSolution
		{88FE1AAA-810E-4E58-929E-5A42A0D1EEC3}.Debug|Any CPU.ActiveCfg = Debug|Any CPU
		{88FE1AAA-810E-4E58-929E-5A42A0D1EEC3}.Debug|Any CPU.Build.0 = Debug|Any CPU
		{88FE1AAA-810E-4E58-929E-5A42A0D1EEC3}.Release|Any CPU.ActiveCfg = Release|Any CPU
		{88FE1AAA-810E-4E58-929E-5A42A0D1EEC3}.Release|Any CPU.Build.0 = Release|Any CPU
		{C64F90DF-7EED-4997-9711-A9E9AF1C72C3}.Debug|Any CPU.ActiveCfg = Debug|Any CPU
		{C64F90DF-7EED-4997-9711-A9E9AF1C72C3}.Debug|Any CPU.Build.0 = Debug|Any CPU
		{C64F90DF-7EED-4997-9711-A9E9AF1C72C3}.Release|Any CPU.ActiveCfg = Release|Any CPU
		{C64F90DF-7EED-4997-9711-A9E9AF1C72C3}.Release|Any CPU.Build.0 = Release|Any CPU
		{64374EE4-E1FC-479E-BEE9-6F5F16D7DD33}.Debug|Any CPU.ActiveCfg = Debug|Any CPU
		{64374EE4-E1FC-479E-BEE9-6F5F16D7DD33}.Debug|Any CPU.Build.0 = Debug|Any CPU
		{64374EE4-E1FC-479E-BEE9-6F5F16D7DD33}.Release|Any CPU.ActiveCfg = Release|Any CPU
		{64374EE4-E1FC-479E-BEE9-6F5F16D7DD33}.Release|Any CPU.Build.0 = Release|Any CPU
		{5E6CC3FE-1E6E-4699-9D20-BEF2C8B8F46A}.Debug|Any CPU.ActiveCfg = Debug|Any CPU
		{5E6CC3FE-1E6E-4699-9D20-BEF2C8B8F46A}.Debug|Any CPU.Build.0 = Debug|Any CPU
		{5E6CC3FE-1E6E-4699-9D20-BEF2C8B8F46A}.Release|Any CPU.ActiveCfg = Release|Any CPU
		{5E6CC3FE-1E6E-4699-9D20-BEF2C8B8F46A}.Release|Any CPU.Build.0 = Release|Any CPU
		{3F668B89-B80A-4BB8-90B7-2FD8A3968C66}.Debug|Any CPU.ActiveCfg = Debug|Any CPU
		{3F668B89-B80A-4BB8-90B7-2FD8A3968C66}.Debug|Any CPU.Build.0 = Debug|Any CPU
		{3F668B89-B80A-4BB8-90B7-2FD8A3968C66}.Release|Any CPU.ActiveCfg = Release|Any CPU
		{3F668B89-B80A-4BB8-90B7-2FD8A3968C66}.Release|Any CPU.Build.0 = Release|Any CPU
		{85B3E822-F956-48B8-A906-4D9F9C69229E}.Debug|Any CPU.ActiveCfg = Debug|Any CPU
		{85B3E822-F956-48B8-A906-4D9F9C69229E}.Debug|Any CPU.Build.0 = Debug|Any CPU
		{85B3E822-F956-48B8-A906-4D9F9C69229E}.Release|Any CPU.ActiveCfg = Release|Any CPU
		{85B3E822-F956-48B8-A906-4D9F9C69229E}.Release|Any CPU.Build.0 = Release|Any CPU
		{B085B7A2-A07B-4A1F-88AC-DE065301679F}.Debug|Any CPU.ActiveCfg = Debug|Any CPU
		{B085B7A2-A07B-4A1F-88AC-DE065301679F}.Debug|Any CPU.Build.0 = Debug|Any CPU
		{B085B7A2-A07B-4A1F-88AC-DE065301679F}.Release|Any CPU.ActiveCfg = Release|Any CPU
		{B085B7A2-A07B-4A1F-88AC-DE065301679F}.Release|Any CPU.Build.0 = Release|Any CPU
		{5705C2F7-65AE-4113-874D-02B255435CC5}.Debug|Any CPU.ActiveCfg = Debug|Any CPU
		{5705C2F7-65AE-4113-874D-02B255435CC5}.Debug|Any CPU.Build.0 = Debug|Any CPU
		{5705C2F7-65AE-4113-874D-02B255435CC5}.Release|Any CPU.ActiveCfg = Release|Any CPU
		{5705C2F7-65AE-4113-874D-02B255435CC5}.Release|Any CPU.Build.0 = Release|Any CPU
		{4CB68CD2-8D0E-4EF6-936C-C9BFD203BC2B}.Debug|Any CPU.ActiveCfg = Debug|Any CPU
		{4CB68CD2-8D0E-4EF6-936C-C9BFD203BC2B}.Debug|Any CPU.Build.0 = Debug|Any CPU
		{4CB68CD2-8D0E-4EF6-936C-C9BFD203BC2B}.Release|Any CPU.ActiveCfg = Release|Any CPU
		{4CB68CD2-8D0E-4EF6-936C-C9BFD203BC2B}.Release|Any CPU.Build.0 = Release|Any CPU
		{301B06FD-D499-4C26-AC5D-A4C3F6D90EE6}.Debug|Any CPU.ActiveCfg = Debug|Any CPU
		{301B06FD-D499-4C26-AC5D-A4C3F6D90EE6}.Debug|Any CPU.Build.0 = Debug|Any CPU
		{301B06FD-D499-4C26-AC5D-A4C3F6D90EE6}.Release|Any CPU.ActiveCfg = Release|Any CPU
		{301B06FD-D499-4C26-AC5D-A4C3F6D90EE6}.Release|Any CPU.Build.0 = Release|Any CPU
		{0AC180C7-BFA8-4EFE-9490-41E5DA450843}.Debug|Any CPU.ActiveCfg = Debug|Any CPU
		{0AC180C7-BFA8-4EFE-9490-41E5DA450843}.Debug|Any CPU.Build.0 = Debug|Any CPU
		{0AC180C7-BFA8-4EFE-9490-41E5DA450843}.Release|Any CPU.ActiveCfg = Release|Any CPU
		{0AC180C7-BFA8-4EFE-9490-41E5DA450843}.Release|Any CPU.Build.0 = Release|Any CPU
		{F356041C-944A-4F6F-8718-75B5976245F4}.Debug|Any CPU.ActiveCfg = Debug|Any CPU
		{F356041C-944A-4F6F-8718-75B5976245F4}.Debug|Any CPU.Build.0 = Debug|Any CPU
		{F356041C-944A-4F6F-8718-75B5976245F4}.Release|Any CPU.ActiveCfg = Release|Any CPU
		{F356041C-944A-4F6F-8718-75B5976245F4}.Release|Any CPU.Build.0 = Release|Any CPU
		{5213A000-86B1-4912-BB39-6133ADB90688}.Debug|Any CPU.ActiveCfg = Debug|Any CPU
		{5213A000-86B1-4912-BB39-6133ADB90688}.Debug|Any CPU.Build.0 = Debug|Any CPU
		{5213A000-86B1-4912-BB39-6133ADB90688}.Release|Any CPU.ActiveCfg = Release|Any CPU
		{5213A000-86B1-4912-BB39-6133ADB90688}.Release|Any CPU.Build.0 = Release|Any CPU
		{FA627A4F-5828-460A-8B64-29E83C8193BD}.Debug|Any CPU.ActiveCfg = Debug|Any CPU
		{FA627A4F-5828-460A-8B64-29E83C8193BD}.Debug|Any CPU.Build.0 = Debug|Any CPU
		{FA627A4F-5828-460A-8B64-29E83C8193BD}.Release|Any CPU.ActiveCfg = Release|Any CPU
		{FA627A4F-5828-460A-8B64-29E83C8193BD}.Release|Any CPU.Build.0 = Release|Any CPU
		{850D4A1F-89A5-4B49-9E88-FA2451A2AAEE}.Debug|Any CPU.ActiveCfg = Debug|Any CPU
		{850D4A1F-89A5-4B49-9E88-FA2451A2AAEE}.Debug|Any CPU.Build.0 = Debug|Any CPU
		{850D4A1F-89A5-4B49-9E88-FA2451A2AAEE}.Release|Any CPU.ActiveCfg = Release|Any CPU
		{850D4A1F-89A5-4B49-9E88-FA2451A2AAEE}.Release|Any CPU.Build.0 = Release|Any CPU
		{28036737-0E7B-49CD-AF8A-87892EB40885}.Debug|Any CPU.ActiveCfg = Debug|Any CPU
		{28036737-0E7B-49CD-AF8A-87892EB40885}.Debug|Any CPU.Build.0 = Debug|Any CPU
		{28036737-0E7B-49CD-AF8A-87892EB40885}.Release|Any CPU.ActiveCfg = Release|Any CPU
		{28036737-0E7B-49CD-AF8A-87892EB40885}.Release|Any CPU.Build.0 = Release|Any CPU
		{4AD35AA4-7FCD-4F16-A8AA-821F32CB019D}.Debug|Any CPU.ActiveCfg = Debug|Any CPU
		{4AD35AA4-7FCD-4F16-A8AA-821F32CB019D}.Debug|Any CPU.Build.0 = Debug|Any CPU
		{4AD35AA4-7FCD-4F16-A8AA-821F32CB019D}.Release|Any CPU.ActiveCfg = Release|Any CPU
		{4AD35AA4-7FCD-4F16-A8AA-821F32CB019D}.Release|Any CPU.Build.0 = Release|Any CPU
		{FB4E11D0-2D00-4A5C-A731-135365715699}.Debug|Any CPU.ActiveCfg = Debug|Any CPU
		{FB4E11D0-2D00-4A5C-A731-135365715699}.Debug|Any CPU.Build.0 = Debug|Any CPU
		{FB4E11D0-2D00-4A5C-A731-135365715699}.Release|Any CPU.ActiveCfg = Release|Any CPU
		{FB4E11D0-2D00-4A5C-A731-135365715699}.Release|Any CPU.Build.0 = Release|Any CPU
		{DAB4233E-EA3D-4941-BE5A-4F16FA792A58}.Debug|Any CPU.ActiveCfg = Debug|Any CPU
		{DAB4233E-EA3D-4941-BE5A-4F16FA792A58}.Debug|Any CPU.Build.0 = Debug|Any CPU
		{DAB4233E-EA3D-4941-BE5A-4F16FA792A58}.Release|Any CPU.ActiveCfg = Release|Any CPU
		{DAB4233E-EA3D-4941-BE5A-4F16FA792A58}.Release|Any CPU.Build.0 = Release|Any CPU
		{EE6563DA-82C0-4805-82F8-72305A350DC5}.Debug|Any CPU.ActiveCfg = Debug|Any CPU
		{EE6563DA-82C0-4805-82F8-72305A350DC5}.Debug|Any CPU.Build.0 = Debug|Any CPU
		{EE6563DA-82C0-4805-82F8-72305A350DC5}.Release|Any CPU.ActiveCfg = Release|Any CPU
		{EE6563DA-82C0-4805-82F8-72305A350DC5}.Release|Any CPU.Build.0 = Release|Any CPU
		{12479191-3870-4533-A8EF-E753EC04432C}.Debug|Any CPU.ActiveCfg = Debug|Any CPU
		{12479191-3870-4533-A8EF-E753EC04432C}.Debug|Any CPU.Build.0 = Debug|Any CPU
		{12479191-3870-4533-A8EF-E753EC04432C}.Release|Any CPU.ActiveCfg = Release|Any CPU
		{12479191-3870-4533-A8EF-E753EC04432C}.Release|Any CPU.Build.0 = Release|Any CPU
		{BB5EA3BB-C0F8-497D-9EBA-C960A909FB9E}.Debug|Any CPU.ActiveCfg = Debug|Any CPU
		{BB5EA3BB-C0F8-497D-9EBA-C960A909FB9E}.Debug|Any CPU.Build.0 = Debug|Any CPU
		{BB5EA3BB-C0F8-497D-9EBA-C960A909FB9E}.Release|Any CPU.ActiveCfg = Release|Any CPU
		{BB5EA3BB-C0F8-497D-9EBA-C960A909FB9E}.Release|Any CPU.Build.0 = Release|Any CPU
		{BA2B3C77-70AA-4B3E-AC52-488E31B0A6BE}.Debug|Any CPU.ActiveCfg = Debug|Any CPU
		{BA2B3C77-70AA-4B3E-AC52-488E31B0A6BE}.Debug|Any CPU.Build.0 = Debug|Any CPU
		{BA2B3C77-70AA-4B3E-AC52-488E31B0A6BE}.Release|Any CPU.ActiveCfg = Release|Any CPU
		{BA2B3C77-70AA-4B3E-AC52-488E31B0A6BE}.Release|Any CPU.Build.0 = Release|Any CPU
		{266C0FEC-2709-45AC-AF5B-6461B559E2DA}.Debug|Any CPU.ActiveCfg = Debug|Any CPU
		{266C0FEC-2709-45AC-AF5B-6461B559E2DA}.Debug|Any CPU.Build.0 = Debug|Any CPU
		{266C0FEC-2709-45AC-AF5B-6461B559E2DA}.Release|Any CPU.ActiveCfg = Release|Any CPU
		{266C0FEC-2709-45AC-AF5B-6461B559E2DA}.Release|Any CPU.Build.0 = Release|Any CPU
		{9B12CC7D-1D52-4C32-A442-C5C51667C00F}.Debug|Any CPU.ActiveCfg = Debug|Any CPU
		{9B12CC7D-1D52-4C32-A442-C5C51667C00F}.Debug|Any CPU.Build.0 = Debug|Any CPU
		{9B12CC7D-1D52-4C32-A442-C5C51667C00F}.Release|Any CPU.ActiveCfg = Release|Any CPU
		{9B12CC7D-1D52-4C32-A442-C5C51667C00F}.Release|Any CPU.Build.0 = Release|Any CPU
		{4A1CC728-A168-42D8-ADAB-C9E589814AEC}.Debug|Any CPU.ActiveCfg = Debug|Any CPU
		{4A1CC728-A168-42D8-ADAB-C9E589814AEC}.Debug|Any CPU.Build.0 = Debug|Any CPU
		{4A1CC728-A168-42D8-ADAB-C9E589814AEC}.Release|Any CPU.ActiveCfg = Release|Any CPU
		{4A1CC728-A168-42D8-ADAB-C9E589814AEC}.Release|Any CPU.Build.0 = Release|Any CPU
		{8D4DE32A-3E1D-4A30-A107-1A3D074E96F1}.Debug|Any CPU.ActiveCfg = Debug|Any CPU
		{8D4DE32A-3E1D-4A30-A107-1A3D074E96F1}.Debug|Any CPU.Build.0 = Debug|Any CPU
		{8D4DE32A-3E1D-4A30-A107-1A3D074E96F1}.Release|Any CPU.ActiveCfg = Release|Any CPU
		{8D4DE32A-3E1D-4A30-A107-1A3D074E96F1}.Release|Any CPU.Build.0 = Release|Any CPU
		{D96FA260-F06E-41F6-8550-6011C5C6A9EA}.Debug|Any CPU.ActiveCfg = Debug|Any CPU
		{D96FA260-F06E-41F6-8550-6011C5C6A9EA}.Debug|Any CPU.Build.0 = Debug|Any CPU
		{D96FA260-F06E-41F6-8550-6011C5C6A9EA}.Release|Any CPU.ActiveCfg = Release|Any CPU
		{D96FA260-F06E-41F6-8550-6011C5C6A9EA}.Release|Any CPU.Build.0 = Release|Any CPU
		{FCB82200-9402-498E-8EE0-826C3549FD64}.Debug|Any CPU.ActiveCfg = Debug|Any CPU
		{FCB82200-9402-498E-8EE0-826C3549FD64}.Debug|Any CPU.Build.0 = Debug|Any CPU
		{FCB82200-9402-498E-8EE0-826C3549FD64}.Release|Any CPU.ActiveCfg = Release|Any CPU
		{FCB82200-9402-498E-8EE0-826C3549FD64}.Release|Any CPU.Build.0 = Release|Any CPU
		{5D7DABC6-8437-46B5-BA27-9203873497A6}.Debug|Any CPU.ActiveCfg = Debug|Any CPU
		{5D7DABC6-8437-46B5-BA27-9203873497A6}.Debug|Any CPU.Build.0 = Debug|Any CPU
		{5D7DABC6-8437-46B5-BA27-9203873497A6}.Release|Any CPU.ActiveCfg = Release|Any CPU
		{5D7DABC6-8437-46B5-BA27-9203873497A6}.Release|Any CPU.Build.0 = Release|Any CPU
		{A429A81A-19C6-4E41-8277-89BC318577FF}.Debug|Any CPU.ActiveCfg = Debug|Any CPU
		{A429A81A-19C6-4E41-8277-89BC318577FF}.Debug|Any CPU.Build.0 = Debug|Any CPU
		{A429A81A-19C6-4E41-8277-89BC318577FF}.Release|Any CPU.ActiveCfg = Release|Any CPU
		{A429A81A-19C6-4E41-8277-89BC318577FF}.Release|Any CPU.Build.0 = Release|Any CPU
		{FF731772-6C76-461E-AEBD-4B65EF120E57}.Debug|Any CPU.ActiveCfg = Debug|Any CPU
		{FF731772-6C76-461E-AEBD-4B65EF120E57}.Debug|Any CPU.Build.0 = Debug|Any CPU
		{FF731772-6C76-461E-AEBD-4B65EF120E57}.Release|Any CPU.ActiveCfg = Release|Any CPU
		{FF731772-6C76-461E-AEBD-4B65EF120E57}.Release|Any CPU.Build.0 = Release|Any CPU
		{66722DA3-98A3-4D53-8E8E-045449D457FD}.Debug|Any CPU.ActiveCfg = Debug|Any CPU
		{66722DA3-98A3-4D53-8E8E-045449D457FD}.Debug|Any CPU.Build.0 = Debug|Any CPU
		{66722DA3-98A3-4D53-8E8E-045449D457FD}.Release|Any CPU.ActiveCfg = Release|Any CPU
		{66722DA3-98A3-4D53-8E8E-045449D457FD}.Release|Any CPU.Build.0 = Release|Any CPU
		{4462AD1F-4F40-4137-A2DA-719097B1C357}.Debug|Any CPU.ActiveCfg = Debug|Any CPU
		{4462AD1F-4F40-4137-A2DA-719097B1C357}.Debug|Any CPU.Build.0 = Debug|Any CPU
		{4462AD1F-4F40-4137-A2DA-719097B1C357}.Release|Any CPU.ActiveCfg = Release|Any CPU
		{4462AD1F-4F40-4137-A2DA-719097B1C357}.Release|Any CPU.Build.0 = Release|Any CPU
		{22F5E180-921E-40A2-8DB6-3831D6088B95}.Debug|Any CPU.ActiveCfg = Debug|Any CPU
		{22F5E180-921E-40A2-8DB6-3831D6088B95}.Debug|Any CPU.Build.0 = Debug|Any CPU
		{22F5E180-921E-40A2-8DB6-3831D6088B95}.Release|Any CPU.ActiveCfg = Release|Any CPU
		{22F5E180-921E-40A2-8DB6-3831D6088B95}.Release|Any CPU.Build.0 = Release|Any CPU
		{DD088460-3812-4F12-AE67-21BCA22C25AD}.Debug|Any CPU.ActiveCfg = Debug|Any CPU
		{DD088460-3812-4F12-AE67-21BCA22C25AD}.Debug|Any CPU.Build.0 = Debug|Any CPU
		{DD088460-3812-4F12-AE67-21BCA22C25AD}.Release|Any CPU.ActiveCfg = Release|Any CPU
		{DD088460-3812-4F12-AE67-21BCA22C25AD}.Release|Any CPU.Build.0 = Release|Any CPU
		{32406ADB-5845-4672-97F8-B88D7CC97CAA}.Debug|Any CPU.ActiveCfg = Debug|Any CPU
		{32406ADB-5845-4672-97F8-B88D7CC97CAA}.Debug|Any CPU.Build.0 = Debug|Any CPU
		{32406ADB-5845-4672-97F8-B88D7CC97CAA}.Release|Any CPU.ActiveCfg = Release|Any CPU
		{32406ADB-5845-4672-97F8-B88D7CC97CAA}.Release|Any CPU.Build.0 = Release|Any CPU
	EndGlobalSection
	GlobalSection(SolutionProperties) = preSolution
		HideSolutionNode = FALSE
	EndGlobalSection
EndGlobal
