
Microsoft Visual Studio Solution File, Format Version 12.00
# Visual Studio 2013
VisualStudioVersion = 12.0.40629.0
MinimumVisualStudioVersion = 10.0.40219.1
Project("{FAE04EC0-301F-11D3-BF4B-00C04F79EFBC}") = "Task1", "Task1\Task1.csproj", "{D4EF44DF-3FD0-43E3-B5F5-2134C0B16CBB}"
EndProject
Project("{FAE04EC0-301F-11D3-BF4B-00C04F79EFBC}") = "Task2", "Task2\Task2.csproj", "{BB1E659A-D1DA-41F7-92E8-44AA8EE7EA15}"
EndProject
Project("{FAE04EC0-301F-11D3-BF4B-00C04F79EFBC}") = "Task3", "Task3\Task3.csproj", "{4A47ED0D-9929-4234-881C-02D24B86D868}"
EndProject
Project("{FAE04EC0-301F-11D3-BF4B-00C04F79EFBC}") = "Task4", "Task4\Task4.csproj", "{53685CFD-0B50-44D0-9653-7272D56BB227}"
EndProject
Project("{FAE04EC0-301F-11D3-BF4B-00C04F79EFBC}") = "Task5", "Task5\Task5.csproj", "{1DDD4ECE-284B-4432-8D93-6248EB76BC4B}"
EndProject
Project("{FAE04EC0-301F-11D3-BF4B-00C04F79EFBC}") = "Task6", "Task6\Task6.csproj", "{A91E3E81-9BC9-4BEC-A1A7-B9D8FCC4C83A}"
EndProject
Project("{FAE04EC0-301F-11D3-BF4B-00C04F79EFBC}") = "Task7", "Task7\Task7.csproj", "{958F7CED-8D3B-4077-8D69-0994725CB405}"
EndProject
Project("{FAE04EC0-301F-11D3-BF4B-00C04F79EFBC}") = "Task8", "Task8\Task8.csproj", "{DEC7D3B5-0ECA-4156-A0B4-A0438B9C86C2}"
EndProject
Project("{FAE04EC0-301F-11D3-BF4B-00C04F79EFBC}") = "Task9", "Task9\Task9.csproj", "{E4562444-E5E7-44A3-973A-F2ADB42D1128}"
EndProject
Project("{FAE04EC0-301F-11D3-BF4B-00C04F79EFBC}") = "Task10", "Task10\Task10.csproj", "{EFA63524-92F1-4C81-BE2C-8ABAA613E130}"
EndProject
Project("{FAE04EC0-301F-11D3-BF4B-00C04F79EFBC}") = "Task11", "Task11\Task11.csproj", "{B934E1A1-CCC9-4F09-9879-A982BBD602A7}"
EndProject
Project("{FAE04EC0-301F-11D3-BF4B-00C04F79EFBC}") = "Task12", "Task12\Task12.csproj", "{C5E6A5F8-90E8-42CE-9837-4567F32A54D8}"
EndProject
Project("{FAE04EC0-301F-11D3-BF4B-00C04F79EFBC}") = "Task13", "Task13\Task13.csproj", "{1FA692A1-2585-41D6-B3BC-B08A820FF806}"
EndProject
Global
	GlobalSection(SolutionConfigurationPlatforms) = preSolution
		Debug|Any CPU = Debug|Any CPU
		Release|Any CPU = Release|Any CPU
	EndGlobalSection
	GlobalSection(ProjectConfigurationPlatforms) = postSolution
		{D4EF44DF-3FD0-43E3-B5F5-2134C0B16CBB}.Debug|Any CPU.ActiveCfg = Debug|Any CPU
		{D4EF44DF-3FD0-43E3-B5F5-2134C0B16CBB}.Debug|Any CPU.Build.0 = Debug|Any CPU
		{D4EF44DF-3FD0-43E3-B5F5-2134C0B16CBB}.Release|Any CPU.ActiveCfg = Release|Any CPU
		{D4EF44DF-3FD0-43E3-B5F5-2134C0B16CBB}.Release|Any CPU.Build.0 = Release|Any CPU
		{BB1E659A-D1DA-41F7-92E8-44AA8EE7EA15}.Debug|Any CPU.ActiveCfg = Debug|Any CPU
		{BB1E659A-D1DA-41F7-92E8-44AA8EE7EA15}.Debug|Any CPU.Build.0 = Debug|Any CPU
		{BB1E659A-D1DA-41F7-92E8-44AA8EE7EA15}.Release|Any CPU.ActiveCfg = Release|Any CPU
		{BB1E659A-D1DA-41F7-92E8-44AA8EE7EA15}.Release|Any CPU.Build.0 = Release|Any CPU
		{4A47ED0D-9929-4234-881C-02D24B86D868}.Debug|Any CPU.ActiveCfg = Debug|Any CPU
		{4A47ED0D-9929-4234-881C-02D24B86D868}.Debug|Any CPU.Build.0 = Debug|Any CPU
		{4A47ED0D-9929-4234-881C-02D24B86D868}.Release|Any CPU.ActiveCfg = Release|Any CPU
		{4A47ED0D-9929-4234-881C-02D24B86D868}.Release|Any CPU.Build.0 = Release|Any CPU
		{53685CFD-0B50-44D0-9653-7272D56BB227}.Debug|Any CPU.ActiveCfg = Debug|Any CPU
		{53685CFD-0B50-44D0-9653-7272D56BB227}.Debug|Any CPU.Build.0 = Debug|Any CPU
		{53685CFD-0B50-44D0-9653-7272D56BB227}.Release|Any CPU.ActiveCfg = Release|Any CPU
		{53685CFD-0B50-44D0-9653-7272D56BB227}.Release|Any CPU.Build.0 = Release|Any CPU
		{1DDD4ECE-284B-4432-8D93-6248EB76BC4B}.Debug|Any CPU.ActiveCfg = Debug|Any CPU
		{1DDD4ECE-284B-4432-8D93-6248EB76BC4B}.Debug|Any CPU.Build.0 = Debug|Any CPU
		{1DDD4ECE-284B-4432-8D93-6248EB76BC4B}.Release|Any CPU.ActiveCfg = Release|Any CPU
		{1DDD4ECE-284B-4432-8D93-6248EB76BC4B}.Release|Any CPU.Build.0 = Release|Any CPU
		{A91E3E81-9BC9-4BEC-A1A7-B9D8FCC4C83A}.Debug|Any CPU.ActiveCfg = Debug|Any CPU
		{A91E3E81-9BC9-4BEC-A1A7-B9D8FCC4C83A}.Debug|Any CPU.Build.0 = Debug|Any CPU
		{A91E3E81-9BC9-4BEC-A1A7-B9D8FCC4C83A}.Release|Any CPU.ActiveCfg = Release|Any CPU
		{A91E3E81-9BC9-4BEC-A1A7-B9D8FCC4C83A}.Release|Any CPU.Build.0 = Release|Any CPU
		{958F7CED-8D3B-4077-8D69-0994725CB405}.Debug|Any CPU.ActiveCfg = Debug|Any CPU
		{958F7CED-8D3B-4077-8D69-0994725CB405}.Debug|Any CPU.Build.0 = Debug|Any CPU
		{958F7CED-8D3B-4077-8D69-0994725CB405}.Release|Any CPU.ActiveCfg = Release|Any CPU
		{958F7CED-8D3B-4077-8D69-0994725CB405}.Release|Any CPU.Build.0 = Release|Any CPU
		{DEC7D3B5-0ECA-4156-A0B4-A0438B9C86C2}.Debug|Any CPU.ActiveCfg = Debug|Any CPU
		{DEC7D3B5-0ECA-4156-A0B4-A0438B9C86C2}.Debug|Any CPU.Build.0 = Debug|Any CPU
		{DEC7D3B5-0ECA-4156-A0B4-A0438B9C86C2}.Release|Any CPU.ActiveCfg = Release|Any CPU
		{DEC7D3B5-0ECA-4156-A0B4-A0438B9C86C2}.Release|Any CPU.Build.0 = Release|Any CPU
		{E4562444-E5E7-44A3-973A-F2ADB42D1128}.Debug|Any CPU.ActiveCfg = Debug|Any CPU
		{E4562444-E5E7-44A3-973A-F2ADB42D1128}.Debug|Any CPU.Build.0 = Debug|Any CPU
		{E4562444-E5E7-44A3-973A-F2ADB42D1128}.Release|Any CPU.ActiveCfg = Release|Any CPU
		{E4562444-E5E7-44A3-973A-F2ADB42D1128}.Release|Any CPU.Build.0 = Release|Any CPU
		{EFA63524-92F1-4C81-BE2C-8ABAA613E130}.Debug|Any CPU.ActiveCfg = Debug|Any CPU
		{EFA63524-92F1-4C81-BE2C-8ABAA613E130}.Debug|Any CPU.Build.0 = Debug|Any CPU
		{EFA63524-92F1-4C81-BE2C-8ABAA613E130}.Release|Any CPU.ActiveCfg = Release|Any CPU
		{EFA63524-92F1-4C81-BE2C-8ABAA613E130}.Release|Any CPU.Build.0 = Release|Any CPU
		{B934E1A1-CCC9-4F09-9879-A982BBD602A7}.Debug|Any CPU.ActiveCfg = Debug|Any CPU
		{B934E1A1-CCC9-4F09-9879-A982BBD602A7}.Debug|Any CPU.Build.0 = Debug|Any CPU
		{B934E1A1-CCC9-4F09-9879-A982BBD602A7}.Release|Any CPU.ActiveCfg = Release|Any CPU
		{B934E1A1-CCC9-4F09-9879-A982BBD602A7}.Release|Any CPU.Build.0 = Release|Any CPU
		{C5E6A5F8-90E8-42CE-9837-4567F32A54D8}.Debug|Any CPU.ActiveCfg = Debug|Any CPU
		{C5E6A5F8-90E8-42CE-9837-4567F32A54D8}.Debug|Any CPU.Build.0 = Debug|Any CPU
		{C5E6A5F8-90E8-42CE-9837-4567F32A54D8}.Release|Any CPU.ActiveCfg = Release|Any CPU
		{C5E6A5F8-90E8-42CE-9837-4567F32A54D8}.Release|Any CPU.Build.0 = Release|Any CPU
		{1FA692A1-2585-41D6-B3BC-B08A820FF806}.Debug|Any CPU.ActiveCfg = Debug|Any CPU
		{1FA692A1-2585-41D6-B3BC-B08A820FF806}.Debug|Any CPU.Build.0 = Debug|Any CPU
		{1FA692A1-2585-41D6-B3BC-B08A820FF806}.Release|Any CPU.ActiveCfg = Release|Any CPU
		{1FA692A1-2585-41D6-B3BC-B08A820FF806}.Release|Any CPU.Build.0 = Release|Any CPU
	EndGlobalSection
	GlobalSection(SolutionProperties) = preSolution
		HideSolutionNode = FALSE
	EndGlobalSection
EndGlobal
