
Microsoft Visual Studio Solution File, Format Version 12.00
# Visual Studio 2013
VisualStudioVersion = 12.0.40629.0
MinimumVisualStudioVersion = 10.0.40219.1
Project("{FAE04EC0-301F-11D3-BF4B-00C04F79EFBC}") = "Task01", "Task01\Task01.csproj", "{8184C97E-92DB-4E4B-88C6-116E5DF89C33}"
EndProject
Project("{FAE04EC0-301F-11D3-BF4B-00C04F79EFBC}") = "Task02", "Task02\Task02.csproj", "{A451A18F-2D98-4C97-91CB-77E8C98DE222}"
EndProject
Project("{FAE04EC0-301F-11D3-BF4B-00C04F79EFBC}") = "Task04", "Task04\Task04.csproj", "{E272F2BD-2F6C-416B-955B-8B23D162FEE1}"
EndProject
Project("{FAE04EC0-301F-11D3-BF4B-00C04F79EFBC}") = "Task05", "Task05\Task05.csproj", "{5F417D6F-F888-4406-BD01-394DD528A9F4}"
EndProject
Project("{FAE04EC0-301F-11D3-BF4B-00C04F79EFBC}") = "Task06", "Task06\Task06.csproj", "{58ABCF90-586C-4C41-9A82-9FEF544FCA44}"
EndProject
Project("{FAE04EC0-301F-11D3-BF4B-00C04F79EFBC}") = "Task07", "Task07\Task07.csproj", "{FD55E2DD-309E-4013-B9BD-6D38566E327D}"
EndProject
Project("{FAE04EC0-301F-11D3-BF4B-00C04F79EFBC}") = "Task08", "Task08\Task08.csproj", "{F536A841-62DE-4A41-9903-270E65076988}"
EndProject
Project("{FAE04EC0-301F-11D3-BF4B-00C04F79EFBC}") = "Task09", "Task09\Task09.csproj", "{F99040C7-67B3-4636-94AD-1A298E0E240B}"
EndProject
Project("{FAE04EC0-301F-11D3-BF4B-00C04F79EFBC}") = "Task10", "Task10\Task10.csproj", "{6BC3AC5C-C1E8-4BBB-A940-AAC1DB87D2B6}"
EndProject
Project("{FAE04EC0-301F-11D3-BF4B-00C04F79EFBC}") = "Task11", "Task11\Task11.csproj", "{5726789B-19BD-4589-9DEA-CA2E96915DA1}"
EndProject
Project("{FAE04EC0-301F-11D3-BF4B-00C04F79EFBC}") = "Task12", "Task12\Task12.csproj", "{3603FFC2-7BC6-4616-90B1-E033D11D561F}"
EndProject
Project("{FAE04EC0-301F-11D3-BF4B-00C04F79EFBC}") = "Task13", "Task13\Task13.csproj", "{F8B658AB-0725-4C92-83F5-AAC1C107449B}"
EndProject
Project("{FAE04EC0-301F-11D3-BF4B-00C04F79EFBC}") = "Task14", "Task14\Task14.csproj", "{B577069B-E1AE-4BAF-98D8-8C86C00691A1}"
EndProject
Project("{FAE04EC0-301F-11D3-BF4B-00C04F79EFBC}") = "Task15", "Task15\Task15.csproj", "{9B9BF366-79B7-49F7-AE4F-77FCCDC70F9E}"
EndProject
Project("{FAE04EC0-301F-11D3-BF4B-00C04F79EFBC}") = "Task16", "Task16\Task16.csproj", "{368DBB29-7D35-4E9B-92E1-984758DF10A0}"
EndProject
Project("{FAE04EC0-301F-11D3-BF4B-00C04F79EFBC}") = "Task17", "Task17\Task17.csproj", "{B8EF29F3-0E2F-40CC-B6E2-8EBFE08289C1}"
EndProject
Project("{FAE04EC0-301F-11D3-BF4B-00C04F79EFBC}") = "Task18", "Task18\Task18.csproj", "{D3AC4D7D-68B2-4C0B-830C-39E5C674F168}"
EndProject
Project("{FAE04EC0-301F-11D3-BF4B-00C04F79EFBC}") = "Task19", "Task19\Task19.csproj", "{1DB76449-377C-414F-AA0B-D9D5AA24980E}"
EndProject
Project("{FAE04EC0-301F-11D3-BF4B-00C04F79EFBC}") = "Task20", "Task20\Task20.csproj", "{DED96643-D326-4D03-9E35-2F856AFF46D8}"
EndProject
Project("{FAE04EC0-301F-11D3-BF4B-00C04F79EFBC}") = "Task21", "Task21\Task21.csproj", "{0F38AF68-8A7C-4357-B225-4A12737CB611}"
EndProject
Project("{FAE04EC0-301F-11D3-BF4B-00C04F79EFBC}") = "Task22", "Task22\Task22.csproj", "{54F2105D-127F-4EA4-85DB-BD58C50C96C5}"
EndProject
Project("{FAE04EC0-301F-11D3-BF4B-00C04F79EFBC}") = "Task23", "Task23\Task23.csproj", "{32233106-3CC7-42F8-A0AF-87F74B16A198}"
EndProject
Project("{FAE04EC0-301F-11D3-BF4B-00C04F79EFBC}") = "Task24", "Task24\Task24.csproj", "{5D9B331D-D3FD-4615-92BD-68DF35F8261B}"
EndProject
Project("{FAE04EC0-301F-11D3-BF4B-00C04F79EFBC}") = "Task25", "Task25\Task25.csproj", "{077EE4D7-97B3-486F-8647-1EDEBB1139D2}"
EndProject
Project("{FAE04EC0-301F-11D3-BF4B-00C04F79EFBC}") = "Task26", "Task26\Task26.csproj", "{20C364E5-CC4E-447C-8488-D21789C28701}"
EndProject
Project("{FAE04EC0-301F-11D3-BF4B-00C04F79EFBC}") = "Task27", "Task27\Task27.csproj", "{5EB70339-E444-4F35-83CF-3268A6D4A4A7}"
EndProject
Project("{FAE04EC0-301F-11D3-BF4B-00C04F79EFBC}") = "Task03", "Task03\Task03.csproj", "{88902A10-D1C0-43E6-8966-22C5E34ABDA8}"
EndProject
Project("{FAE04EC0-301F-11D3-BF4B-00C04F79EFBC}") = "Task28", "Task28\Task28.csproj", "{029CDAEE-3653-4E8E-977F-B52C1EB80423}"
EndProject
Project("{FAE04EC0-301F-11D3-BF4B-00C04F79EFBC}") = "Task29", "Task29\Task29.csproj", "{260F500F-C3D2-4345-8EFE-2A368E363C8C}"
EndProject
Project("{FAE04EC0-301F-11D3-BF4B-00C04F79EFBC}") = "Task30", "Task30\Task30.csproj", "{5FFD19FE-615B-47EB-B1D3-B425EC84F589}"
EndProject
Project("{FAE04EC0-301F-11D3-BF4B-00C04F79EFBC}") = "Task31", "Task31\Task31.csproj", "{D6467BA9-0D2E-497A-8798-A0ECC1BDE2A2}"
EndProject
Global
	GlobalSection(SolutionConfigurationPlatforms) = preSolution
		Debug|Any CPU = Debug|Any CPU
		Release|Any CPU = Release|Any CPU
	EndGlobalSection
	GlobalSection(ProjectConfigurationPlatforms) = postSolution
		{8184C97E-92DB-4E4B-88C6-116E5DF89C33}.Debug|Any CPU.ActiveCfg = Debug|Any CPU
		{8184C97E-92DB-4E4B-88C6-116E5DF89C33}.Debug|Any CPU.Build.0 = Debug|Any CPU
		{8184C97E-92DB-4E4B-88C6-116E5DF89C33}.Release|Any CPU.ActiveCfg = Release|Any CPU
		{8184C97E-92DB-4E4B-88C6-116E5DF89C33}.Release|Any CPU.Build.0 = Release|Any CPU
		{A451A18F-2D98-4C97-91CB-77E8C98DE222}.Debug|Any CPU.ActiveCfg = Debug|Any CPU
		{A451A18F-2D98-4C97-91CB-77E8C98DE222}.Debug|Any CPU.Build.0 = Debug|Any CPU
		{A451A18F-2D98-4C97-91CB-77E8C98DE222}.Release|Any CPU.ActiveCfg = Release|Any CPU
		{A451A18F-2D98-4C97-91CB-77E8C98DE222}.Release|Any CPU.Build.0 = Release|Any CPU
		{E272F2BD-2F6C-416B-955B-8B23D162FEE1}.Debug|Any CPU.ActiveCfg = Debug|Any CPU
		{E272F2BD-2F6C-416B-955B-8B23D162FEE1}.Debug|Any CPU.Build.0 = Debug|Any CPU
		{E272F2BD-2F6C-416B-955B-8B23D162FEE1}.Release|Any CPU.ActiveCfg = Release|Any CPU
		{E272F2BD-2F6C-416B-955B-8B23D162FEE1}.Release|Any CPU.Build.0 = Release|Any CPU
		{5F417D6F-F888-4406-BD01-394DD528A9F4}.Debug|Any CPU.ActiveCfg = Debug|Any CPU
		{5F417D6F-F888-4406-BD01-394DD528A9F4}.Debug|Any CPU.Build.0 = Debug|Any CPU
		{5F417D6F-F888-4406-BD01-394DD528A9F4}.Release|Any CPU.ActiveCfg = Release|Any CPU
		{5F417D6F-F888-4406-BD01-394DD528A9F4}.Release|Any CPU.Build.0 = Release|Any CPU
		{58ABCF90-586C-4C41-9A82-9FEF544FCA44}.Debug|Any CPU.ActiveCfg = Debug|Any CPU
		{58ABCF90-586C-4C41-9A82-9FEF544FCA44}.Debug|Any CPU.Build.0 = Debug|Any CPU
		{58ABCF90-586C-4C41-9A82-9FEF544FCA44}.Release|Any CPU.ActiveCfg = Release|Any CPU
		{58ABCF90-586C-4C41-9A82-9FEF544FCA44}.Release|Any CPU.Build.0 = Release|Any CPU
		{FD55E2DD-309E-4013-B9BD-6D38566E327D}.Debug|Any CPU.ActiveCfg = Debug|Any CPU
		{FD55E2DD-309E-4013-B9BD-6D38566E327D}.Debug|Any CPU.Build.0 = Debug|Any CPU
		{FD55E2DD-309E-4013-B9BD-6D38566E327D}.Release|Any CPU.ActiveCfg = Release|Any CPU
		{FD55E2DD-309E-4013-B9BD-6D38566E327D}.Release|Any CPU.Build.0 = Release|Any CPU
		{F536A841-62DE-4A41-9903-270E65076988}.Debug|Any CPU.ActiveCfg = Debug|Any CPU
		{F536A841-62DE-4A41-9903-270E65076988}.Debug|Any CPU.Build.0 = Debug|Any CPU
		{F536A841-62DE-4A41-9903-270E65076988}.Release|Any CPU.ActiveCfg = Release|Any CPU
		{F536A841-62DE-4A41-9903-270E65076988}.Release|Any CPU.Build.0 = Release|Any CPU
		{F99040C7-67B3-4636-94AD-1A298E0E240B}.Debug|Any CPU.ActiveCfg = Debug|Any CPU
		{F99040C7-67B3-4636-94AD-1A298E0E240B}.Debug|Any CPU.Build.0 = Debug|Any CPU
		{F99040C7-67B3-4636-94AD-1A298E0E240B}.Release|Any CPU.ActiveCfg = Release|Any CPU
		{F99040C7-67B3-4636-94AD-1A298E0E240B}.Release|Any CPU.Build.0 = Release|Any CPU
		{6BC3AC5C-C1E8-4BBB-A940-AAC1DB87D2B6}.Debug|Any CPU.ActiveCfg = Debug|Any CPU
		{6BC3AC5C-C1E8-4BBB-A940-AAC1DB87D2B6}.Debug|Any CPU.Build.0 = Debug|Any CPU
		{6BC3AC5C-C1E8-4BBB-A940-AAC1DB87D2B6}.Release|Any CPU.ActiveCfg = Release|Any CPU
		{6BC3AC5C-C1E8-4BBB-A940-AAC1DB87D2B6}.Release|Any CPU.Build.0 = Release|Any CPU
		{5726789B-19BD-4589-9DEA-CA2E96915DA1}.Debug|Any CPU.ActiveCfg = Debug|Any CPU
		{5726789B-19BD-4589-9DEA-CA2E96915DA1}.Debug|Any CPU.Build.0 = Debug|Any CPU
		{5726789B-19BD-4589-9DEA-CA2E96915DA1}.Release|Any CPU.ActiveCfg = Release|Any CPU
		{5726789B-19BD-4589-9DEA-CA2E96915DA1}.Release|Any CPU.Build.0 = Release|Any CPU
		{3603FFC2-7BC6-4616-90B1-E033D11D561F}.Debug|Any CPU.ActiveCfg = Debug|Any CPU
		{3603FFC2-7BC6-4616-90B1-E033D11D561F}.Debug|Any CPU.Build.0 = Debug|Any CPU
		{3603FFC2-7BC6-4616-90B1-E033D11D561F}.Release|Any CPU.ActiveCfg = Release|Any CPU
		{3603FFC2-7BC6-4616-90B1-E033D11D561F}.Release|Any CPU.Build.0 = Release|Any CPU
		{F8B658AB-0725-4C92-83F5-AAC1C107449B}.Debug|Any CPU.ActiveCfg = Debug|Any CPU
		{F8B658AB-0725-4C92-83F5-AAC1C107449B}.Debug|Any CPU.Build.0 = Debug|Any CPU
		{F8B658AB-0725-4C92-83F5-AAC1C107449B}.Release|Any CPU.ActiveCfg = Release|Any CPU
		{F8B658AB-0725-4C92-83F5-AAC1C107449B}.Release|Any CPU.Build.0 = Release|Any CPU
		{B577069B-E1AE-4BAF-98D8-8C86C00691A1}.Debug|Any CPU.ActiveCfg = Debug|Any CPU
		{B577069B-E1AE-4BAF-98D8-8C86C00691A1}.Debug|Any CPU.Build.0 = Debug|Any CPU
		{B577069B-E1AE-4BAF-98D8-8C86C00691A1}.Release|Any CPU.ActiveCfg = Release|Any CPU
		{B577069B-E1AE-4BAF-98D8-8C86C00691A1}.Release|Any CPU.Build.0 = Release|Any CPU
		{9B9BF366-79B7-49F7-AE4F-77FCCDC70F9E}.Debug|Any CPU.ActiveCfg = Debug|Any CPU
		{9B9BF366-79B7-49F7-AE4F-77FCCDC70F9E}.Debug|Any CPU.Build.0 = Debug|Any CPU
		{9B9BF366-79B7-49F7-AE4F-77FCCDC70F9E}.Release|Any CPU.ActiveCfg = Release|Any CPU
		{9B9BF366-79B7-49F7-AE4F-77FCCDC70F9E}.Release|Any CPU.Build.0 = Release|Any CPU
		{368DBB29-7D35-4E9B-92E1-984758DF10A0}.Debug|Any CPU.ActiveCfg = Debug|Any CPU
		{368DBB29-7D35-4E9B-92E1-984758DF10A0}.Debug|Any CPU.Build.0 = Debug|Any CPU
		{368DBB29-7D35-4E9B-92E1-984758DF10A0}.Release|Any CPU.ActiveCfg = Release|Any CPU
		{368DBB29-7D35-4E9B-92E1-984758DF10A0}.Release|Any CPU.Build.0 = Release|Any CPU
		{B8EF29F3-0E2F-40CC-B6E2-8EBFE08289C1}.Debug|Any CPU.ActiveCfg = Debug|Any CPU
		{B8EF29F3-0E2F-40CC-B6E2-8EBFE08289C1}.Debug|Any CPU.Build.0 = Debug|Any CPU
		{B8EF29F3-0E2F-40CC-B6E2-8EBFE08289C1}.Release|Any CPU.ActiveCfg = Release|Any CPU
		{B8EF29F3-0E2F-40CC-B6E2-8EBFE08289C1}.Release|Any CPU.Build.0 = Release|Any CPU
		{D3AC4D7D-68B2-4C0B-830C-39E5C674F168}.Debug|Any CPU.ActiveCfg = Debug|Any CPU
		{D3AC4D7D-68B2-4C0B-830C-39E5C674F168}.Debug|Any CPU.Build.0 = Debug|Any CPU
		{D3AC4D7D-68B2-4C0B-830C-39E5C674F168}.Release|Any CPU.ActiveCfg = Release|Any CPU
		{D3AC4D7D-68B2-4C0B-830C-39E5C674F168}.Release|Any CPU.Build.0 = Release|Any CPU
		{1DB76449-377C-414F-AA0B-D9D5AA24980E}.Debug|Any CPU.ActiveCfg = Debug|Any CPU
		{1DB76449-377C-414F-AA0B-D9D5AA24980E}.Debug|Any CPU.Build.0 = Debug|Any CPU
		{1DB76449-377C-414F-AA0B-D9D5AA24980E}.Release|Any CPU.ActiveCfg = Release|Any CPU
		{1DB76449-377C-414F-AA0B-D9D5AA24980E}.Release|Any CPU.Build.0 = Release|Any CPU
		{DED96643-D326-4D03-9E35-2F856AFF46D8}.Debug|Any CPU.ActiveCfg = Debug|Any CPU
		{DED96643-D326-4D03-9E35-2F856AFF46D8}.Debug|Any CPU.Build.0 = Debug|Any CPU
		{DED96643-D326-4D03-9E35-2F856AFF46D8}.Release|Any CPU.ActiveCfg = Release|Any CPU
		{DED96643-D326-4D03-9E35-2F856AFF46D8}.Release|Any CPU.Build.0 = Release|Any CPU
		{0F38AF68-8A7C-4357-B225-4A12737CB611}.Debug|Any CPU.ActiveCfg = Debug|Any CPU
		{0F38AF68-8A7C-4357-B225-4A12737CB611}.Debug|Any CPU.Build.0 = Debug|Any CPU
		{0F38AF68-8A7C-4357-B225-4A12737CB611}.Release|Any CPU.ActiveCfg = Release|Any CPU
		{0F38AF68-8A7C-4357-B225-4A12737CB611}.Release|Any CPU.Build.0 = Release|Any CPU
		{54F2105D-127F-4EA4-85DB-BD58C50C96C5}.Debug|Any CPU.ActiveCfg = Debug|Any CPU
		{54F2105D-127F-4EA4-85DB-BD58C50C96C5}.Debug|Any CPU.Build.0 = Debug|Any CPU
		{54F2105D-127F-4EA4-85DB-BD58C50C96C5}.Release|Any CPU.ActiveCfg = Release|Any CPU
		{54F2105D-127F-4EA4-85DB-BD58C50C96C5}.Release|Any CPU.Build.0 = Release|Any CPU
		{32233106-3CC7-42F8-A0AF-87F74B16A198}.Debug|Any CPU.ActiveCfg = Debug|Any CPU
		{32233106-3CC7-42F8-A0AF-87F74B16A198}.Debug|Any CPU.Build.0 = Debug|Any CPU
		{32233106-3CC7-42F8-A0AF-87F74B16A198}.Release|Any CPU.ActiveCfg = Release|Any CPU
		{32233106-3CC7-42F8-A0AF-87F74B16A198}.Release|Any CPU.Build.0 = Release|Any CPU
		{5D9B331D-D3FD-4615-92BD-68DF35F8261B}.Debug|Any CPU.ActiveCfg = Debug|Any CPU
		{5D9B331D-D3FD-4615-92BD-68DF35F8261B}.Debug|Any CPU.Build.0 = Debug|Any CPU
		{5D9B331D-D3FD-4615-92BD-68DF35F8261B}.Release|Any CPU.ActiveCfg = Release|Any CPU
		{5D9B331D-D3FD-4615-92BD-68DF35F8261B}.Release|Any CPU.Build.0 = Release|Any CPU
		{077EE4D7-97B3-486F-8647-1EDEBB1139D2}.Debug|Any CPU.ActiveCfg = Debug|Any CPU
		{077EE4D7-97B3-486F-8647-1EDEBB1139D2}.Debug|Any CPU.Build.0 = Debug|Any CPU
		{077EE4D7-97B3-486F-8647-1EDEBB1139D2}.Release|Any CPU.ActiveCfg = Release|Any CPU
		{077EE4D7-97B3-486F-8647-1EDEBB1139D2}.Release|Any CPU.Build.0 = Release|Any CPU
		{20C364E5-CC4E-447C-8488-D21789C28701}.Debug|Any CPU.ActiveCfg = Debug|Any CPU
		{20C364E5-CC4E-447C-8488-D21789C28701}.Debug|Any CPU.Build.0 = Debug|Any CPU
		{20C364E5-CC4E-447C-8488-D21789C28701}.Release|Any CPU.ActiveCfg = Release|Any CPU
		{20C364E5-CC4E-447C-8488-D21789C28701}.Release|Any CPU.Build.0 = Release|Any CPU
		{5EB70339-E444-4F35-83CF-3268A6D4A4A7}.Debug|Any CPU.ActiveCfg = Debug|Any CPU
		{5EB70339-E444-4F35-83CF-3268A6D4A4A7}.Debug|Any CPU.Build.0 = Debug|Any CPU
		{5EB70339-E444-4F35-83CF-3268A6D4A4A7}.Release|Any CPU.ActiveCfg = Release|Any CPU
		{5EB70339-E444-4F35-83CF-3268A6D4A4A7}.Release|Any CPU.Build.0 = Release|Any CPU
		{88902A10-D1C0-43E6-8966-22C5E34ABDA8}.Debug|Any CPU.ActiveCfg = Debug|Any CPU
		{88902A10-D1C0-43E6-8966-22C5E34ABDA8}.Debug|Any CPU.Build.0 = Debug|Any CPU
		{88902A10-D1C0-43E6-8966-22C5E34ABDA8}.Release|Any CPU.ActiveCfg = Release|Any CPU
		{88902A10-D1C0-43E6-8966-22C5E34ABDA8}.Release|Any CPU.Build.0 = Release|Any CPU
		{029CDAEE-3653-4E8E-977F-B52C1EB80423}.Debug|Any CPU.ActiveCfg = Debug|Any CPU
		{029CDAEE-3653-4E8E-977F-B52C1EB80423}.Debug|Any CPU.Build.0 = Debug|Any CPU
		{029CDAEE-3653-4E8E-977F-B52C1EB80423}.Release|Any CPU.ActiveCfg = Release|Any CPU
		{029CDAEE-3653-4E8E-977F-B52C1EB80423}.Release|Any CPU.Build.0 = Release|Any CPU
		{260F500F-C3D2-4345-8EFE-2A368E363C8C}.Debug|Any CPU.ActiveCfg = Debug|Any CPU
		{260F500F-C3D2-4345-8EFE-2A368E363C8C}.Debug|Any CPU.Build.0 = Debug|Any CPU
		{260F500F-C3D2-4345-8EFE-2A368E363C8C}.Release|Any CPU.ActiveCfg = Release|Any CPU
		{260F500F-C3D2-4345-8EFE-2A368E363C8C}.Release|Any CPU.Build.0 = Release|Any CPU
		{5FFD19FE-615B-47EB-B1D3-B425EC84F589}.Debug|Any CPU.ActiveCfg = Debug|Any CPU
		{5FFD19FE-615B-47EB-B1D3-B425EC84F589}.Debug|Any CPU.Build.0 = Debug|Any CPU
		{5FFD19FE-615B-47EB-B1D3-B425EC84F589}.Release|Any CPU.ActiveCfg = Release|Any CPU
		{5FFD19FE-615B-47EB-B1D3-B425EC84F589}.Release|Any CPU.Build.0 = Release|Any CPU
		{D6467BA9-0D2E-497A-8798-A0ECC1BDE2A2}.Debug|Any CPU.ActiveCfg = Debug|Any CPU
		{D6467BA9-0D2E-497A-8798-A0ECC1BDE2A2}.Debug|Any CPU.Build.0 = Debug|Any CPU
		{D6467BA9-0D2E-497A-8798-A0ECC1BDE2A2}.Release|Any CPU.ActiveCfg = Release|Any CPU
		{D6467BA9-0D2E-497A-8798-A0ECC1BDE2A2}.Release|Any CPU.Build.0 = Release|Any CPU
	EndGlobalSection
	GlobalSection(SolutionProperties) = preSolution
		HideSolutionNode = FALSE
	EndGlobalSection
EndGlobal
