
Microsoft Visual Studio Solution File, Format Version 12.00
# Visual Studio 2013
VisualStudioVersion = 12.0.40629.0
MinimumVisualStudioVersion = 10.0.40219.1
Project("{FAE04EC0-301F-11D3-BF4B-00C04F79EFBC}") = "Task1", "Task1\Task1.csproj", "{EE959C99-7B0F-47E4-BC11-57FDD535BD9F}"
EndProject
Project("{FAE04EC0-301F-11D3-BF4B-00C04F79EFBC}") = "Task2", "Task2\Task2.csproj", "{99FF44B4-AA2E-4AFD-8F25-AA03BFF861CE}"
EndProject
Global
	GlobalSection(SolutionConfigurationPlatforms) = preSolution
		Debug|Any CPU = Debug|Any CPU
		Release|Any CPU = Release|Any CPU
	EndGlobalSection
	GlobalSection(ProjectConfigurationPlatforms) = postSolution
		{EE959C99-7B0F-47E4-BC11-57FDD535BD9F}.Debug|Any CPU.ActiveCfg = Debug|Any CPU
		{EE959C99-7B0F-47E4-BC11-57FDD535BD9F}.Debug|Any CPU.Build.0 = Debug|Any CPU
		{EE959C99-7B0F-47E4-BC11-57FDD535BD9F}.Release|Any CPU.ActiveCfg = Release|Any CPU
		{EE959C99-7B0F-47E4-BC11-57FDD535BD9F}.Release|Any CPU.Build.0 = Release|Any CPU
		{99FF44B4-AA2E-4AFD-8F25-AA03BFF861CE}.Debug|Any CPU.ActiveCfg = Debug|Any CPU
		{99FF44B4-AA2E-4AFD-8F25-AA03BFF861CE}.Debug|Any CPU.Build.0 = Debug|Any CPU
		{99FF44B4-AA2E-4AFD-8F25-AA03BFF861CE}.Release|Any CPU.ActiveCfg = Release|Any CPU
		{99FF44B4-AA2E-4AFD-8F25-AA03BFF861CE}.Release|Any CPU.Build.0 = Release|Any CPU
	EndGlobalSection
	GlobalSection(SolutionProperties) = preSolution
		HideSolutionNode = FALSE
	EndGlobalSection
EndGlobal
