
Microsoft Visual Studio Solution File, Format Version 12.00
# Visual Studio 2013
VisualStudioVersion = 12.0.40629.0
MinimumVisualStudioVersion = 10.0.40219.1
Project("{FAE04EC0-301F-11D3-BF4B-00C04F79EFBC}") = "Task1", "Task1\Task1.csproj", "{EE959C99-7B0F-47E4-BC11-57FDD535BD9F}"
EndProject
Project("{FAE04EC0-301F-11D3-BF4B-00C04F79EFBC}") = "Task2", "Task2\Task2.csproj", "{99FF44B4-AA2E-4AFD-8F25-AA03BFF861CE}"
EndProject
Project("{FAE04EC0-301F-11D3-BF4B-00C04F79EFBC}") = "Task3", "Task3\Task3.csproj", "{252FA38E-37CE-4F0A-9CDD-ECA8557CA139}"
EndProject
Project("{FAE04EC0-301F-11D3-BF4B-00C04F79EFBC}") = "Task4", "Task4\Task4.csproj", "{5C14B4A1-30A7-408A-908F-251068EC622E}"
EndProject
Project("{FAE04EC0-301F-11D3-BF4B-00C04F79EFBC}") = "Task5", "Task5\Task5.csproj", "{7BB51BBA-2F30-4D83-9087-20EDED326196}"
EndProject
Project("{FAE04EC0-301F-11D3-BF4B-00C04F79EFBC}") = "Task6", "Task6\Task6.csproj", "{7378D380-DB46-49E6-BE02-9C61EE8E8558}"
EndProject
Project("{FAE04EC0-301F-11D3-BF4B-00C04F79EFBC}") = "Task7", "Task7\Task7.csproj", "{D5393C83-EF4F-4255-A7D9-9635196F4D52}"
EndProject
Project("{FAE04EC0-301F-11D3-BF4B-00C04F79EFBC}") = "Task8", "Task8\Task8.csproj", "{66A77629-9B0F-40D8-A4EC-3A4336CE1E32}"
EndProject
Project("{FAE04EC0-301F-11D3-BF4B-00C04F79EFBC}") = "Task9", "Task9\Task9.csproj", "{69C68086-11C0-4D83-982E-96045EF92071}"
EndProject
Global
	GlobalSection(SolutionConfigurationPlatforms) = preSolution
		Debug|Any CPU = Debug|Any CPU
		Release|Any CPU = Release|Any CPU
	EndGlobalSection
	GlobalSection(ProjectConfigurationPlatforms) = postSolution
		{EE959C99-7B0F-47E4-BC11-57FDD535BD9F}.Debug|Any CPU.ActiveCfg = Debug|Any CPU
		{EE959C99-7B0F-47E4-BC11-57FDD535BD9F}.Debug|Any CPU.Build.0 = Debug|Any CPU
		{EE959C99-7B0F-47E4-BC11-57FDD535BD9F}.Release|Any CPU.ActiveCfg = Release|Any CPU
		{EE959C99-7B0F-47E4-BC11-57FDD535BD9F}.Release|Any CPU.Build.0 = Release|Any CPU
		{99FF44B4-AA2E-4AFD-8F25-AA03BFF861CE}.Debug|Any CPU.ActiveCfg = Debug|Any CPU
		{99FF44B4-AA2E-4AFD-8F25-AA03BFF861CE}.Debug|Any CPU.Build.0 = Debug|Any CPU
		{99FF44B4-AA2E-4AFD-8F25-AA03BFF861CE}.Release|Any CPU.ActiveCfg = Release|Any CPU
		{99FF44B4-AA2E-4AFD-8F25-AA03BFF861CE}.Release|Any CPU.Build.0 = Release|Any CPU
		{252FA38E-37CE-4F0A-9CDD-ECA8557CA139}.Debug|Any CPU.ActiveCfg = Debug|Any CPU
		{252FA38E-37CE-4F0A-9CDD-ECA8557CA139}.Debug|Any CPU.Build.0 = Debug|Any CPU
		{252FA38E-37CE-4F0A-9CDD-ECA8557CA139}.Release|Any CPU.ActiveCfg = Release|Any CPU
		{252FA38E-37CE-4F0A-9CDD-ECA8557CA139}.Release|Any CPU.Build.0 = Release|Any CPU
		{5C14B4A1-30A7-408A-908F-251068EC622E}.Debug|Any CPU.ActiveCfg = Debug|Any CPU
		{5C14B4A1-30A7-408A-908F-251068EC622E}.Debug|Any CPU.Build.0 = Debug|Any CPU
		{5C14B4A1-30A7-408A-908F-251068EC622E}.Release|Any CPU.ActiveCfg = Release|Any CPU
		{5C14B4A1-30A7-408A-908F-251068EC622E}.Release|Any CPU.Build.0 = Release|Any CPU
		{7BB51BBA-2F30-4D83-9087-20EDED326196}.Debug|Any CPU.ActiveCfg = Debug|Any CPU
		{7BB51BBA-2F30-4D83-9087-20EDED326196}.Debug|Any CPU.Build.0 = Debug|Any CPU
		{7BB51BBA-2F30-4D83-9087-20EDED326196}.Release|Any CPU.ActiveCfg = Release|Any CPU
		{7BB51BBA-2F30-4D83-9087-20EDED326196}.Release|Any CPU.Build.0 = Release|Any CPU
		{7378D380-DB46-49E6-BE02-9C61EE8E8558}.Debug|Any CPU.ActiveCfg = Debug|Any CPU
		{7378D380-DB46-49E6-BE02-9C61EE8E8558}.Debug|Any CPU.Build.0 = Debug|Any CPU
		{7378D380-DB46-49E6-BE02-9C61EE8E8558}.Release|Any CPU.ActiveCfg = Release|Any CPU
		{7378D380-DB46-49E6-BE02-9C61EE8E8558}.Release|Any CPU.Build.0 = Release|Any CPU
		{D5393C83-EF4F-4255-A7D9-9635196F4D52}.Debug|Any CPU.ActiveCfg = Debug|Any CPU
		{D5393C83-EF4F-4255-A7D9-9635196F4D52}.Debug|Any CPU.Build.0 = Debug|Any CPU
		{D5393C83-EF4F-4255-A7D9-9635196F4D52}.Release|Any CPU.ActiveCfg = Release|Any CPU
		{D5393C83-EF4F-4255-A7D9-9635196F4D52}.Release|Any CPU.Build.0 = Release|Any CPU
		{66A77629-9B0F-40D8-A4EC-3A4336CE1E32}.Debug|Any CPU.ActiveCfg = Debug|Any CPU
		{66A77629-9B0F-40D8-A4EC-3A4336CE1E32}.Debug|Any CPU.Build.0 = Debug|Any CPU
		{66A77629-9B0F-40D8-A4EC-3A4336CE1E32}.Release|Any CPU.ActiveCfg = Release|Any CPU
		{66A77629-9B0F-40D8-A4EC-3A4336CE1E32}.Release|Any CPU.Build.0 = Release|Any CPU
		{69C68086-11C0-4D83-982E-96045EF92071}.Debug|Any CPU.ActiveCfg = Debug|Any CPU
		{69C68086-11C0-4D83-982E-96045EF92071}.Debug|Any CPU.Build.0 = Debug|Any CPU
		{69C68086-11C0-4D83-982E-96045EF92071}.Release|Any CPU.ActiveCfg = Release|Any CPU
		{69C68086-11C0-4D83-982E-96045EF92071}.Release|Any CPU.Build.0 = Release|Any CPU
	EndGlobalSection
	GlobalSection(SolutionProperties) = preSolution
		HideSolutionNode = FALSE
	EndGlobalSection
EndGlobal
